// !$*UTF8*$!
{
	archiveVersion = 1;
	classes = {
	};
	objectVersion = 56;
	objects = {

/* Begin PBXBuildFile section */
		CA4C1A95297ADE3A009EDF38 /* My_fridge_recipesApp.swift in Sources */ = {isa = PBXBuildFile; fileRef = CA4C1A94297ADE3A009EDF38 /* My_fridge_recipesApp.swift */; };
		CA4C1A97297ADE3A009EDF38 /* ContentView.swift in Sources */ = {isa = PBXBuildFile; fileRef = CA4C1A96297ADE3A009EDF38 /* ContentView.swift */; };
		CA4C1A99297ADE3B009EDF38 /* Assets.xcassets in Resources */ = {isa = PBXBuildFile; fileRef = CA4C1A98297ADE3B009EDF38 /* Assets.xcassets */; };
		CA4C1A9C297ADE3B009EDF38 /* Preview Assets.xcassets in Resources */ = {isa = PBXBuildFile; fileRef = CA4C1A9B297ADE3B009EDF38 /* Preview Assets.xcassets */; };
		CA4C1A9E297ADE3B009EDF38 /* Persistence.swift in Sources */ = {isa = PBXBuildFile; fileRef = CA4C1A9D297ADE3B009EDF38 /* Persistence.swift */; };
		CA4C1AA1297ADE3B009EDF38 /* My_fridge_recipes.xcdatamodeld in Sources */ = {isa = PBXBuildFile; fileRef = CA4C1A9F297ADE3B009EDF38 /* My_fridge_recipes.xcdatamodeld */; };
		CA4C1AAB297ADE3B009EDF38 /* My_fridge_recipesTests.swift in Sources */ = {isa = PBXBuildFile; fileRef = CA4C1AAA297ADE3B009EDF38 /* My_fridge_recipesTests.swift */; };
		CA4C1AB5297ADE3B009EDF38 /* My_fridge_recipesUITests.swift in Sources */ = {isa = PBXBuildFile; fileRef = CA4C1AB4297ADE3B009EDF38 /* My_fridge_recipesUITests.swift */; };
		CA4C1AB7297ADE3B009EDF38 /* My_fridge_recipesUITestsLaunchTests.swift in Sources */ = {isa = PBXBuildFile; fileRef = CA4C1AB6297ADE3B009EDF38 /* My_fridge_recipesUITestsLaunchTests.swift */; };
/* End PBXBuildFile section */

/* Begin PBXContainerItemProxy section */
		CA4C1AA7297ADE3B009EDF38 /* PBXContainerItemProxy */ = {
			isa = PBXContainerItemProxy;
			containerPortal = CA4C1A89297ADE3A009EDF38 /* Project object */;
			proxyType = 1;
			remoteGlobalIDString = CA4C1A90297ADE3A009EDF38;
			remoteInfo = "My fridge recipes";
		};
		CA4C1AB1297ADE3B009EDF38 /* PBXContainerItemProxy */ = {
			isa = PBXContainerItemProxy;
			containerPortal = CA4C1A89297ADE3A009EDF38 /* Project object */;
			proxyType = 1;
			remoteGlobalIDString = CA4C1A90297ADE3A009EDF38;
			remoteInfo = "My fridge recipes";
		};
/* End PBXContainerItemProxy section */

/* Begin PBXFileReference section */
		CA4C1A91297ADE3A009EDF38 /* My fridge recipes.app */ = {isa = PBXFileReference; explicitFileType = wrapper.application; includeInIndex = 0; path = "My fridge recipes.app"; sourceTree = BUILT_PRODUCTS_DIR; };
		CA4C1A94297ADE3A009EDF38 /* My_fridge_recipesApp.swift */ = {isa = PBXFileReference; lastKnownFileType = sourcecode.swift; path = My_fridge_recipesApp.swift; sourceTree = "<group>"; };
		CA4C1A96297ADE3A009EDF38 /* ContentView.swift */ = {isa = PBXFileReference; lastKnownFileType = sourcecode.swift; path = ContentView.swift; sourceTree = "<group>"; };
		CA4C1A98297ADE3B009EDF38 /* Assets.xcassets */ = {isa = PBXFileReference; lastKnownFileType = folder.assetcatalog; path = Assets.xcassets; sourceTree = "<group>"; };
		CA4C1A9B297ADE3B009EDF38 /* Preview Assets.xcassets */ = {isa = PBXFileReference; lastKnownFileType = folder.assetcatalog; path = "Preview Assets.xcassets"; sourceTree = "<group>"; };
		CA4C1A9D297ADE3B009EDF38 /* Persistence.swift */ = {isa = PBXFileReference; lastKnownFileType = sourcecode.swift; path = Persistence.swift; sourceTree = "<group>"; };
		CA4C1AA0297ADE3B009EDF38 /* My_fridge_recipes.xcdatamodel */ = {isa = PBXFileReference; lastKnownFileType = wrapper.xcdatamodel; path = My_fridge_recipes.xcdatamodel; sourceTree = "<group>"; };
		CA4C1AA6297ADE3B009EDF38 /* My fridge recipesTests.xctest */ = {isa = PBXFileReference; explicitFileType = wrapper.cfbundle; includeInIndex = 0; path = "My fridge recipesTests.xctest"; sourceTree = BUILT_PRODUCTS_DIR; };
		CA4C1AAA297ADE3B009EDF38 /* My_fridge_recipesTests.swift */ = {isa = PBXFileReference; lastKnownFileType = sourcecode.swift; path = My_fridge_recipesTests.swift; sourceTree = "<group>"; };
		CA4C1AB0297ADE3B009EDF38 /* My fridge recipesUITests.xctest */ = {isa = PBXFileReference; explicitFileType = wrapper.cfbundle; includeInIndex = 0; path = "My fridge recipesUITests.xctest"; sourceTree = BUILT_PRODUCTS_DIR; };
		CA4C1AB4297ADE3B009EDF38 /* My_fridge_recipesUITests.swift */ = {isa = PBXFileReference; lastKnownFileType = sourcecode.swift; path = My_fridge_recipesUITests.swift; sourceTree = "<group>"; };
		CA4C1AB6297ADE3B009EDF38 /* My_fridge_recipesUITestsLaunchTests.swift */ = {isa = PBXFileReference; lastKnownFileType = sourcecode.swift; path = My_fridge_recipesUITestsLaunchTests.swift; sourceTree = "<group>"; };
/* End PBXFileReference section */

/* Begin PBXFrameworksBuildPhase section */
		CA4C1A8E297ADE3A009EDF38 /* Frameworks */ = {
			isa = PBXFrameworksBuildPhase;
			buildActionMask = 2147483647;
			files = (
			);
			runOnlyForDeploymentPostprocessing = 0;
		};
		CA4C1AA3297ADE3B009EDF38 /* Frameworks */ = {
			isa = PBXFrameworksBuildPhase;
			buildActionMask = 2147483647;
			files = (
			);
			runOnlyForDeploymentPostprocessing = 0;
		};
		CA4C1AAD297ADE3B009EDF38 /* Frameworks */ = {
			isa = PBXFrameworksBuildPhase;
			buildActionMask = 2147483647;
			files = (
			);
			runOnlyForDeploymentPostprocessing = 0;
		};
/* End PBXFrameworksBuildPhase section */

/* Begin PBXGroup section */
		CA4C1A88297ADE3A009EDF38 = {
			isa = PBXGroup;
			children = (
				CA4C1A93297ADE3A009EDF38 /* My fridge recipes */,
				CA4C1AA9297ADE3B009EDF38 /* My fridge recipesTests */,
				CA4C1AB3297ADE3B009EDF38 /* My fridge recipesUITests */,
				CA4C1A92297ADE3A009EDF38 /* Products */,
			);
			sourceTree = "<group>";
		};
		CA4C1A92297ADE3A009EDF38 /* Products */ = {
			isa = PBXGroup;
			children = (
				CA4C1A91297ADE3A009EDF38 /* My fridge recipes.app */,
				CA4C1AA6297ADE3B009EDF38 /* My fridge recipesTests.xctest */,
				CA4C1AB0297ADE3B009EDF38 /* My fridge recipesUITests.xctest */,
			);
			name = Products;
			sourceTree = "<group>";
		};
		CA4C1A93297ADE3A009EDF38 /* My fridge recipes */ = {
			isa = PBXGroup;
			children = (
				CA4C1A94297ADE3A009EDF38 /* My_fridge_recipesApp.swift */,
				CA4C1A96297ADE3A009EDF38 /* ContentView.swift */,
				CA4C1A98297ADE3B009EDF38 /* Assets.xcassets */,
				CA4C1A9D297ADE3B009EDF38 /* Persistence.swift */,
				CA4C1A9F297ADE3B009EDF38 /* My_fridge_recipes.xcdatamodeld */,
				CA4C1A9A297ADE3B009EDF38 /* Preview Content */,
			);
			path = "My fridge recipes";
			sourceTree = "<group>";
		};
		CA4C1A9A297ADE3B009EDF38 /* Preview Content */ = {
			isa = PBXGroup;
			children = (
				CA4C1A9B297ADE3B009EDF38 /* Preview Assets.xcassets */,
			);
			path = "Preview Content";
			sourceTree = "<group>";
		};
		CA4C1AA9297ADE3B009EDF38 /* My fridge recipesTests */ = {
			isa = PBXGroup;
			children = (
				CA4C1AAA297ADE3B009EDF38 /* My_fridge_recipesTests.swift */,
			);
			path = "My fridge recipesTests";
			sourceTree = "<group>";
		};
		CA4C1AB3297ADE3B009EDF38 /* My fridge recipesUITests */ = {
			isa = PBXGroup;
			children = (
				CA4C1AB4297ADE3B009EDF38 /* My_fridge_recipesUITests.swift */,
				CA4C1AB6297ADE3B009EDF38 /* My_fridge_recipesUITestsLaunchTests.swift */,
			);
			path = "My fridge recipesUITests";
			sourceTree = "<group>";
		};
/* End PBXGroup section */

/* Begin PBXNativeTarget section */
		CA4C1A90297ADE3A009EDF38 /* My fridge recipes */ = {
			isa = PBXNativeTarget;
			buildConfigurationList = CA4C1ABA297ADE3B009EDF38 /* Build configuration list for PBXNativeTarget "My fridge recipes" */;
			buildPhases = (
				CA4C1A8D297ADE3A009EDF38 /* Sources */,
				CA4C1A8E297ADE3A009EDF38 /* Frameworks */,
				CA4C1A8F297ADE3A009EDF38 /* Resources */,
			);
			buildRules = (
			);
			dependencies = (
			);
			name = "My fridge recipes";
			productName = "My fridge recipes";
			productReference = CA4C1A91297ADE3A009EDF38 /* My fridge recipes.app */;
			productType = "com.apple.product-type.application";
		};
		CA4C1AA5297ADE3B009EDF38 /* My fridge recipesTests */ = {
			isa = PBXNativeTarget;
			buildConfigurationList = CA4C1ABD297ADE3B009EDF38 /* Build configuration list for PBXNativeTarget "My fridge recipesTests" */;
			buildPhases = (
				CA4C1AA2297ADE3B009EDF38 /* Sources */,
				CA4C1AA3297ADE3B009EDF38 /* Frameworks */,
				CA4C1AA4297ADE3B009EDF38 /* Resources */,
			);
			buildRules = (
			);
			dependencies = (
				CA4C1AA8297ADE3B009EDF38 /* PBXTargetDependency */,
			);
			name = "My fridge recipesTests";
			productName = "My fridge recipesTests";
			productReference = CA4C1AA6297ADE3B009EDF38 /* My fridge recipesTests.xctest */;
			productType = "com.apple.product-type.bundle.unit-test";
		};
		CA4C1AAF297ADE3B009EDF38 /* My fridge recipesUITests */ = {
			isa = PBXNativeTarget;
			buildConfigurationList = CA4C1AC0297ADE3B009EDF38 /* Build configuration list for PBXNativeTarget "My fridge recipesUITests" */;
			buildPhases = (
				CA4C1AAC297ADE3B009EDF38 /* Sources */,
				CA4C1AAD297ADE3B009EDF38 /* Frameworks */,
				CA4C1AAE297ADE3B009EDF38 /* Resources */,
			);
			buildRules = (
			);
			dependencies = (
				CA4C1AB2297ADE3B009EDF38 /* PBXTargetDependency */,
			);
			name = "My fridge recipesUITests";
			productName = "My fridge recipesUITests";
			productReference = CA4C1AB0297ADE3B009EDF38 /* My fridge recipesUITests.xctest */;
			productType = "com.apple.product-type.bundle.ui-testing";
		};
/* End PBXNativeTarget section */

/* Begin PBXProject section */
		CA4C1A89297ADE3A009EDF38 /* Project object */ = {
			isa = PBXProject;
			attributes = {
				BuildIndependentTargetsInParallel = 1;
				LastSwiftUpdateCheck = 1420;
				LastUpgradeCheck = 1420;
				TargetAttributes = {
					CA4C1A90297ADE3A009EDF38 = {
						CreatedOnToolsVersion = 14.2;
					};
					CA4C1AA5297ADE3B009EDF38 = {
						CreatedOnToolsVersion = 14.2;
						TestTargetID = CA4C1A90297ADE3A009EDF38;
					};
					CA4C1AAF297ADE3B009EDF38 = {
						CreatedOnToolsVersion = 14.2;
						TestTargetID = CA4C1A90297ADE3A009EDF38;
					};
				};
			};
			buildConfigurationList = CA4C1A8C297ADE3A009EDF38 /* Build configuration list for PBXProject "My fridge recipes" */;
			compatibilityVersion = "Xcode 14.0";
			developmentRegion = en;
			hasScannedForEncodings = 0;
			knownRegions = (
				en,
				Base,
			);
			mainGroup = CA4C1A88297ADE3A009EDF38;
			productRefGroup = CA4C1A92297ADE3A009EDF38 /* Products */;
			projectDirPath = "";
			projectRoot = "";
			targets = (
				CA4C1A90297ADE3A009EDF38 /* My fridge recipes */,
				CA4C1AA5297ADE3B009EDF38 /* My fridge recipesTests */,
				CA4C1AAF297ADE3B009EDF38 /* My fridge recipesUITests */,
			);
		};
/* End PBXProject section */

/* Begin PBXResourcesBuildPhase section */
		CA4C1A8F297ADE3A009EDF38 /* Resources */ = {
			isa = PBXResourcesBuildPhase;
			buildActionMask = 2147483647;
			files = (
				CA4C1A9C297ADE3B009EDF38 /* Preview Assets.xcassets in Resources */,
				CA4C1A99297ADE3B009EDF38 /* Assets.xcassets in Resources */,
			);
			runOnlyForDeploymentPostprocessing = 0;
		};
		CA4C1AA4297ADE3B009EDF38 /* Resources */ = {
			isa = PBXResourcesBuildPhase;
			buildActionMask = 2147483647;
			files = (
			);
			runOnlyForDeploymentPostprocessing = 0;
		};
		CA4C1AAE297ADE3B009EDF38 /* Resources */ = {
			isa = PBXResourcesBuildPhase;
			buildActionMask = 2147483647;
			files = (
			);
			runOnlyForDeploymentPostprocessing = 0;
		};
/* End PBXResourcesBuildPhase section */

/* Begin PBXSourcesBuildPhase section */
		CA4C1A8D297ADE3A009EDF38 /* Sources */ = {
			isa = PBXSourcesBuildPhase;
			buildActionMask = 2147483647;
			files = (
				CA4C1A9E297ADE3B009EDF38 /* Persistence.swift in Sources */,
				CA4C1A97297ADE3A009EDF38 /* ContentView.swift in Sources */,
				CA4C1AA1297ADE3B009EDF38 /* My_fridge_recipes.xcdatamodeld in Sources */,
				CA4C1A95297ADE3A009EDF38 /* My_fridge_recipesApp.swift in Sources */,
			);
			runOnlyForDeploymentPostprocessing = 0;
		};
		CA4C1AA2297ADE3B009EDF38 /* Sources */ = {
			isa = PBXSourcesBuildPhase;
			buildActionMask = 2147483647;
			files = (
				CA4C1AAB297ADE3B009EDF38 /* My_fridge_recipesTests.swift in Sources */,
			);
			runOnlyForDeploymentPostprocessing = 0;
		};
		CA4C1AAC297ADE3B009EDF38 /* Sources */ = {
			isa = PBXSourcesBuildPhase;
			buildActionMask = 2147483647;
			files = (
				CA4C1AB5297ADE3B009EDF38 /* My_fridge_recipesUITests.swift in Sources */,
				CA4C1AB7297ADE3B009EDF38 /* My_fridge_recipesUITestsLaunchTests.swift in Sources */,
			);
			runOnlyForDeploymentPostprocessing = 0;
		};
/* End PBXSourcesBuildPhase section */

/* Begin PBXTargetDependency section */
		CA4C1AA8297ADE3B009EDF38 /* PBXTargetDependency */ = {
			isa = PBXTargetDependency;
			target = CA4C1A90297ADE3A009EDF38 /* My fridge recipes */;
			targetProxy = CA4C1AA7297ADE3B009EDF38 /* PBXContainerItemProxy */;
		};
		CA4C1AB2297ADE3B009EDF38 /* PBXTargetDependency */ = {
			isa = PBXTargetDependency;
			target = CA4C1A90297ADE3A009EDF38 /* My fridge recipes */;
			targetProxy = CA4C1AB1297ADE3B009EDF38 /* PBXContainerItemProxy */;
		};
/* End PBXTargetDependency section */

/* Begin XCBuildConfiguration section */
		CA4C1AB8297ADE3B009EDF38 /* Debug */ = {
			isa = XCBuildConfiguration;
			buildSettings = {
				ALWAYS_SEARCH_USER_PATHS = NO;
				CLANG_ANALYZER_NONNULL = YES;
				CLANG_ANALYZER_NUMBER_OBJECT_CONVERSION = YES_AGGRESSIVE;
				CLANG_CXX_LANGUAGE_STANDARD = "gnu++20";
				CLANG_ENABLE_MODULES = YES;
				CLANG_ENABLE_OBJC_ARC = YES;
				CLANG_ENABLE_OBJC_WEAK = YES;
				CLANG_WARN_BLOCK_CAPTURE_AUTORELEASING = YES;
				CLANG_WARN_BOOL_CONVERSION = YES;
				CLANG_WARN_COMMA = YES;
				CLANG_WARN_CONSTANT_CONVERSION = YES;
				CLANG_WARN_DEPRECATED_OBJC_IMPLEMENTATIONS = YES;
				CLANG_WARN_DIRECT_OBJC_ISA_USAGE = YES_ERROR;
				CLANG_WARN_DOCUMENTATION_COMMENTS = YES;
				CLANG_WARN_EMPTY_BODY = YES;
				CLANG_WARN_ENUM_CONVERSION = YES;
				CLANG_WARN_INFINITE_RECURSION = YES;
				CLANG_WARN_INT_CONVERSION = YES;
				CLANG_WARN_NON_LITERAL_NULL_CONVERSION = YES;
				CLANG_WARN_OBJC_IMPLICIT_RETAIN_SELF = YES;
				CLANG_WARN_OBJC_LITERAL_CONVERSION = YES;
				CLANG_WARN_OBJC_ROOT_CLASS = YES_ERROR;
				CLANG_WARN_QUOTED_INCLUDE_IN_FRAMEWORK_HEADER = YES;
				CLANG_WARN_RANGE_LOOP_ANALYSIS = YES;
				CLANG_WARN_STRICT_PROTOTYPES = YES;
				CLANG_WARN_SUSPICIOUS_MOVE = YES;
				CLANG_WARN_UNGUARDED_AVAILABILITY = YES_AGGRESSIVE;
				CLANG_WARN_UNREACHABLE_CODE = YES;
				CLANG_WARN__DUPLICATE_METHOD_MATCH = YES;
				COPY_PHASE_STRIP = NO;
				DEBUG_INFORMATION_FORMAT = dwarf;
				ENABLE_STRICT_OBJC_MSGSEND = YES;
				ENABLE_TESTABILITY = YES;
				GCC_C_LANGUAGE_STANDARD = gnu11;
				GCC_DYNAMIC_NO_PIC = NO;
				GCC_NO_COMMON_BLOCKS = YES;
				GCC_OPTIMIZATION_LEVEL = 0;
				GCC_PREPROCESSOR_DEFINITIONS = (
					"DEBUG=1",
					"$(inherited)",
				);
				GCC_WARN_64_TO_32_BIT_CONVERSION = YES;
				GCC_WARN_ABOUT_RETURN_TYPE = YES_ERROR;
				GCC_WARN_UNDECLARED_SELECTOR = YES;
				GCC_WARN_UNINITIALIZED_AUTOS = YES_AGGRESSIVE;
				GCC_WARN_UNUSED_FUNCTION = YES;
				GCC_WARN_UNUSED_VARIABLE = YES;
				IPHONEOS_DEPLOYMENT_TARGET = 16.2;
				MTL_ENABLE_DEBUG_INFO = INCLUDE_SOURCE;
				MTL_FAST_MATH = YES;
				ONLY_ACTIVE_ARCH = YES;
				SDKROOT = iphoneos;
				SWIFT_ACTIVE_COMPILATION_CONDITIONS = DEBUG;
				SWIFT_OPTIMIZATION_LEVEL = "-Onone";
			};
			name = Debug;
		};
		CA4C1AB9297ADE3B009EDF38 /* Release */ = {
			isa = XCBuildConfiguration;
			buildSettings = {
				ALWAYS_SEARCH_USER_PATHS = NO;
				CLANG_ANALYZER_NONNULL = YES;
				CLANG_ANALYZER_NUMBER_OBJECT_CONVERSION = YES_AGGRESSIVE;
				CLANG_CXX_LANGUAGE_STANDARD = "gnu++20";
				CLANG_ENABLE_MODULES = YES;
				CLANG_ENABLE_OBJC_ARC = YES;
				CLANG_ENABLE_OBJC_WEAK = YES;
				CLANG_WARN_BLOCK_CAPTURE_AUTORELEASING = YES;
				CLANG_WARN_BOOL_CONVERSION = YES;
				CLANG_WARN_COMMA = YES;
				CLANG_WARN_CONSTANT_CONVERSION = YES;
				CLANG_WARN_DEPRECATED_OBJC_IMPLEMENTATIONS = YES;
				CLANG_WARN_DIRECT_OBJC_ISA_USAGE = YES_ERROR;
				CLANG_WARN_DOCUMENTATION_COMMENTS = YES;
				CLANG_WARN_EMPTY_BODY = YES;
				CLANG_WARN_ENUM_CONVERSION = YES;
				CLANG_WARN_INFINITE_RECURSION = YES;
				CLANG_WARN_INT_CONVERSION = YES;
				CLANG_WARN_NON_LITERAL_NULL_CONVERSION = YES;
				CLANG_WARN_OBJC_IMPLICIT_RETAIN_SELF = YES;
				CLANG_WARN_OBJC_LITERAL_CONVERSION = YES;
				CLANG_WARN_OBJC_ROOT_CLASS = YES_ERROR;
				CLANG_WARN_QUOTED_INCLUDE_IN_FRAMEWORK_HEADER = YES;
				CLANG_WARN_RANGE_LOOP_ANALYSIS = YES;
				CLANG_WARN_STRICT_PROTOTYPES = YES;
				CLANG_WARN_SUSPICIOUS_MOVE = YES;
				CLANG_WARN_UNGUARDED_AVAILABILITY = YES_AGGRESSIVE;
				CLANG_WARN_UNREACHABLE_CODE = YES;
				CLANG_WARN__DUPLICATE_METHOD_MATCH = YES;
				COPY_PHASE_STRIP = NO;
				DEBUG_INFORMATION_FORMAT = "dwarf-with-dsym";
				ENABLE_NS_ASSERTIONS = NO;
				ENABLE_STRICT_OBJC_MSGSEND = YES;
				GCC_C_LANGUAGE_STANDARD = gnu11;
				GCC_NO_COMMON_BLOCKS = YES;
				GCC_WARN_64_TO_32_BIT_CONVERSION = YES;
				GCC_WARN_ABOUT_RETURN_TYPE = YES_ERROR;
				GCC_WARN_UNDECLARED_SELECTOR = YES;
				GCC_WARN_UNINITIALIZED_AUTOS = YES_AGGRESSIVE;
				GCC_WARN_UNUSED_FUNCTION = YES;
				GCC_WARN_UNUSED_VARIABLE = YES;
				IPHONEOS_DEPLOYMENT_TARGET = 16.2;
				MTL_ENABLE_DEBUG_INFO = NO;
				MTL_FAST_MATH = YES;
				SDKROOT = iphoneos;
				SWIFT_COMPILATION_MODE = wholemodule;
				SWIFT_OPTIMIZATION_LEVEL = "-O";
				VALIDATE_PRODUCT = YES;
			};
			name = Release;
		};
		CA4C1ABB297ADE3B009EDF38 /* Debug */ = {
			isa = XCBuildConfiguration;
			buildSettings = {
				ASSETCATALOG_COMPILER_APPICON_NAME = AppIcon;
				ASSETCATALOG_COMPILER_GLOBAL_ACCENT_COLOR_NAME = AccentColor;
				CODE_SIGN_STYLE = Automatic;
				CURRENT_PROJECT_VERSION = 1;
				DEVELOPMENT_ASSET_PATHS = "\"My fridge recipes/Preview Content\"";
				DEVELOPMENT_TEAM = 3SQYF6L285;
				ENABLE_PREVIEWS = YES;
				GENERATE_INFOPLIST_FILE = YES;
				INFOPLIST_KEY_UIApplicationSceneManifest_Generation = YES;
				INFOPLIST_KEY_UIApplicationSupportsIndirectInputEvents = YES;
				INFOPLIST_KEY_UILaunchScreen_Generation = YES;
				INFOPLIST_KEY_UISupportedInterfaceOrientations_iPad = "UIInterfaceOrientationPortrait UIInterfaceOrientationPortraitUpsideDown UIInterfaceOrientationLandscapeLeft UIInterfaceOrientationLandscapeRight";
				INFOPLIST_KEY_UISupportedInterfaceOrientations_iPhone = "UIInterfaceOrientationPortrait UIInterfaceOrientationLandscapeLeft UIInterfaceOrientationLandscapeRight";
				LD_RUNPATH_SEARCH_PATHS = (
					"$(inherited)",
					"@executable_path/Frameworks",
				);
				MARKETING_VERSION = 1.0;
				PRODUCT_BUNDLE_IDENTIFIER = "com.maximepoint.My-fridge-recipes";
				PRODUCT_NAME = "$(TARGET_NAME)";
				SWIFT_EMIT_LOC_STRINGS = YES;
				SWIFT_VERSION = 5.0;
				TARGETED_DEVICE_FAMILY = "1,2";
			};
			name = Debug;
		};
		CA4C1ABC297ADE3B009EDF38 /* Release */ = {
			isa = XCBuildConfiguration;
			buildSettings = {
				ASSETCATALOG_COMPILER_APPICON_NAME = AppIcon;
				ASSETCATALOG_COMPILER_GLOBAL_ACCENT_COLOR_NAME = AccentColor;
				CODE_SIGN_STYLE = Automatic;
				CURRENT_PROJECT_VERSION = 1;
				DEVELOPMENT_ASSET_PATHS = "\"My fridge recipes/Preview Content\"";
				DEVELOPMENT_TEAM = 3SQYF6L285;
				ENABLE_PREVIEWS = YES;
				GENERATE_INFOPLIST_FILE = YES;
				INFOPLIST_KEY_UIApplicationSceneManifest_Generation = YES;
				INFOPLIST_KEY_UIApplicationSupportsIndirectInputEvents = YES;
				INFOPLIST_KEY_UILaunchScreen_Generation = YES;
				INFOPLIST_KEY_UISupportedInterfaceOrientations_iPad = "UIInterfaceOrientationPortrait UIInterfaceOrientationPortraitUpsideDown UIInterfaceOrientationLandscapeLeft UIInterfaceOrientationLandscapeRight";
				INFOPLIST_KEY_UISupportedInterfaceOrientations_iPhone = "UIInterfaceOrientationPortrait UIInterfaceOrientationLandscapeLeft UIInterfaceOrientationLandscapeRight";
				LD_RUNPATH_SEARCH_PATHS = (
					"$(inherited)",
					"@executable_path/Frameworks",
				);
				MARKETING_VERSION = 1.0;
				PRODUCT_BUNDLE_IDENTIFIER = "com.maximepoint.My-fridge-recipes";
				PRODUCT_NAME = "$(TARGET_NAME)";
				SWIFT_EMIT_LOC_STRINGS = YES;
				SWIFT_VERSION = 5.0;
				TARGETED_DEVICE_FAMILY = "1,2";
			};
			name = Release;
		};
		CA4C1ABE297ADE3B009EDF38 /* Debug */ = {
			isa = XCBuildConfiguration;
			buildSettings = {
				ALWAYS_EMBED_SWIFT_STANDARD_LIBRARIES = YES;
				BUNDLE_LOADER = "$(TEST_HOST)";
				CODE_SIGN_STYLE = Automatic;
				CURRENT_PROJECT_VERSION = 1;
				DEVELOPMENT_TEAM = 3SQYF6L285;
				GENERATE_INFOPLIST_FILE = YES;
				IPHONEOS_DEPLOYMENT_TARGET = 16.2;
				MARKETING_VERSION = 1.0;
				PRODUCT_BUNDLE_IDENTIFIER = "com.maximepoint.My-fridge-recipesTests";
				PRODUCT_NAME = "$(TARGET_NAME)";
				SWIFT_EMIT_LOC_STRINGS = NO;
				SWIFT_VERSION = 5.0;
				TARGETED_DEVICE_FAMILY = "1,2";
				TEST_HOST = "$(BUILT_PRODUCTS_DIR)/My fridge recipes.app/$(BUNDLE_EXECUTABLE_FOLDER_PATH)/My fridge recipes";
			};
			name = Debug;
		};
		CA4C1ABF297ADE3B009EDF38 /* Release */ = {
			isa = XCBuildConfiguration;
			buildSettings = {
				ALWAYS_EMBED_SWIFT_STANDARD_LIBRARIES = YES;
				BUNDLE_LOADER = "$(TEST_HOST)";
				CODE_SIGN_STYLE = Automatic;
				CURRENT_PROJECT_VERSION = 1;
				DEVELOPMENT_TEAM = 3SQYF6L285;
				GENERATE_INFOPLIST_FILE = YES;
				IPHONEOS_DEPLOYMENT_TARGET = 16.2;
				MARKETING_VERSION = 1.0;
				PRODUCT_BUNDLE_IDENTIFIER = "com.maximepoint.My-fridge-recipesTests";
				PRODUCT_NAME = "$(TARGET_NAME)";
				SWIFT_EMIT_LOC_STRINGS = NO;
				SWIFT_VERSION = 5.0;
				TARGETED_DEVICE_FAMILY = "1,2";
				TEST_HOST = "$(BUILT_PRODUCTS_DIR)/My fridge recipes.app/$(BUNDLE_EXECUTABLE_FOLDER_PATH)/My fridge recipes";
			};
			name = Release;
		};
		CA4C1AC1297ADE3B009EDF38 /* Debug */ = {
			isa = XCBuildConfiguration;
			buildSettings = {
				ALWAYS_EMBED_SWIFT_STANDARD_LIBRARIES = YES;
				CODE_SIGN_STYLE = Automatic;
				CURRENT_PROJECT_VERSION = 1;
				DEVELOPMENT_TEAM = 3SQYF6L285;
				GENERATE_INFOPLIST_FILE = YES;
				MARKETING_VERSION = 1.0;
				PRODUCT_BUNDLE_IDENTIFIER = "com.maximepoint.My-fridge-recipesUITests";
				PRODUCT_NAME = "$(TARGET_NAME)";
				SWIFT_EMIT_LOC_STRINGS = NO;
				SWIFT_VERSION = 5.0;
				TARGETED_DEVICE_FAMILY = "1,2";
				TEST_TARGET_NAME = "My fridge recipes";
			};
			name = Debug;
		};
		CA4C1AC2297ADE3B009EDF38 /* Release */ = {
			isa = XCBuildConfiguration;
			buildSettings = {
				ALWAYS_EMBED_SWIFT_STANDARD_LIBRARIES = YES;
				CODE_SIGN_STYLE = Automatic;
				CURRENT_PROJECT_VERSION = 1;
				DEVELOPMENT_TEAM = 3SQYF6L285;
				GENERATE_INFOPLIST_FILE = YES;
				MARKETING_VERSION = 1.0;
				PRODUCT_BUNDLE_IDENTIFIER = "com.maximepoint.My-fridge-recipesUITests";
				PRODUCT_NAME = "$(TARGET_NAME)";
				SWIFT_EMIT_LOC_STRINGS = NO;
				SWIFT_VERSION = 5.0;
				TARGETED_DEVICE_FAMILY = "1,2";
				TEST_TARGET_NAME = "My fridge recipes";
			};
			name = Release;
		};
/* End XCBuildConfiguration section */

/* Begin XCConfigurationList section */
		CA4C1A8C297ADE3A009EDF38 /* Build configuration list for PBXProject "My fridge recipes" */ = {
			isa = XCConfigurationList;
			buildConfigurations = (
				CA4C1AB8297ADE3B009EDF38 /* Debug */,
				CA4C1AB9297ADE3B009EDF38 /* Release */,
			);
			defaultConfigurationIsVisible = 0;
			defaultConfigurationName = Release;
		};
		CA4C1ABA297ADE3B009EDF38 /* Build configuration list for PBXNativeTarget "My fridge recipes" */ = {
			isa = XCConfigurationList;
			buildConfigurations = (
				CA4C1ABB297ADE3B009EDF38 /* Debug */,
				CA4C1ABC297ADE3B009EDF38 /* Release */,
			);
			defaultConfigurationIsVisible = 0;
			defaultConfigurationName = Release;
		};
		CA4C1ABD297ADE3B009EDF38 /* Build configuration list for PBXNativeTarget "My fridge recipesTests" */ = {
			isa = XCConfigurationList;
			buildConfigurations = (
				CA4C1ABE297ADE3B009EDF38 /* Debug */,
				CA4C1ABF297ADE3B009EDF38 /* Release */,
			);
			defaultConfigurationIsVisible = 0;
			defaultConfigurationName = Release;
		};
		CA4C1AC0297ADE3B009EDF38 /* Build configuration list for PBXNativeTarget "My fridge recipesUITests" */ = {
			isa = XCConfigurationList;
			buildConfigurations = (
				CA4C1AC1297ADE3B009EDF38 /* Debug */,
				CA4C1AC2297ADE3B009EDF38 /* Release */,
			);
			defaultConfigurationIsVisible = 0;
			defaultConfigurationName = Release;
		};
/* End XCConfigurationList section */

/* Begin XCVersionGroup section */
		CA4C1A9F297ADE3B009EDF38 /* My_fridge_recipes.xcdatamodeld */ = {
			isa = XCVersionGroup;
			children = (
				CA4C1AA0297ADE3B009EDF38 /* My_fridge_recipes.xcdatamodel */,
			);
			currentVersion = CA4C1AA0297ADE3B009EDF38 /* My_fridge_recipes.xcdatamodel */;
			path = My_fridge_recipes.xcdatamodeld;
			sourceTree = "<group>";
			versionGroupType = wrapper.xcdatamodel;
		};
/* End XCVersionGroup section */
	};
	rootObject = CA4C1A89297ADE3A009EDF38 /* Project object */;
}
