// !$*UTF8*$!
{
	archiveVersion = 1;
	classes = {
	};
	objectVersion = 56;
	objects = {

/* Begin PBXBuildFile section */
		CA025EBA297AF2A10004B340 /* String+Extension.swift in Sources */ = {isa = PBXBuildFile; fileRef = CA025EB9297AF2A10004B340 /* String+Extension.swift */; };
		CA025EBC297AF3B50004B340 /* Language.swift in Sources */ = {isa = PBXBuildFile; fileRef = CA025EBB297AF3B50004B340 /* Language.swift */; };
		CA025EC2297AF7F60004B340 /* InfoPlist.strings in Resources */ = {isa = PBXBuildFile; fileRef = CA025EC4297AF7F60004B340 /* InfoPlist.strings */; };
		CA025EC8297AF8F50004B340 /* Localizable.strings in Resources */ = {isa = PBXBuildFile; fileRef = CA025ECA297AF8F50004B340 /* Localizable.strings */; };
		CA025ECE297C200F0004B340 /* Alamofire in Frameworks */ = {isa = PBXBuildFile; productRef = CA025ECD297C200F0004B340 /* Alamofire */; };
		CA025ED2297C36880004B340 /* HomeViewModel.swift in Sources */ = {isa = PBXBuildFile; fileRef = CA025ED1297C36880004B340 /* HomeViewModel.swift */; };
		CA025ED5297C4FC20004B340 /* ApiManager.swift in Sources */ = {isa = PBXBuildFile; fileRef = CA025ED4297C4FC20004B340 /* ApiManager.swift */; };
		CA025ED7297C500E0004B340 /* NetworkLogger.swift in Sources */ = {isa = PBXBuildFile; fileRef = CA025ED6297C500E0004B340 /* NetworkLogger.swift */; };
		CA025ED9297C50250004B340 /* MyRequestInterceptor.swift in Sources */ = {isa = PBXBuildFile; fileRef = CA025ED8297C50250004B340 /* MyRequestInterceptor.swift */; };
		CA025EDB297C50390004B340 /* Router.swift in Sources */ = {isa = PBXBuildFile; fileRef = CA025EDA297C50390004B340 /* Router.swift */; };
		CA025EDD297C504B0004B340 /* NetworkReachability.swift in Sources */ = {isa = PBXBuildFile; fileRef = CA025EDC297C504B0004B340 /* NetworkReachability.swift */; };
		CA025EDF297C59B60004B340 /* Recipes.swift in Sources */ = {isa = PBXBuildFile; fileRef = CA025EDE297C59B60004B340 /* Recipes.swift */; };
		CA025EE5297EEAFC0004B340 /* ErrorType.swift in Sources */ = {isa = PBXBuildFile; fileRef = CA025EE4297EEAFC0004B340 /* ErrorType.swift */; };
		CA025EE7297EEBA00004B340 /* ErrorView.swift in Sources */ = {isa = PBXBuildFile; fileRef = CA025EE6297EEBA00004B340 /* ErrorView.swift */; };
		CA025EE9297EF2DB0004B340 /* FridgeView.swift in Sources */ = {isa = PBXBuildFile; fileRef = CA025EE8297EF2DB0004B340 /* FridgeView.swift */; };
		CA025EED297EF5430004B340 /* TopBarView.swift in Sources */ = {isa = PBXBuildFile; fileRef = CA025EEC297EF5430004B340 /* TopBarView.swift */; };
		CA025EEF297EF7EE0004B340 /* MyTabView.swift in Sources */ = {isa = PBXBuildFile; fileRef = CA025EEE297EF7EE0004B340 /* MyTabView.swift */; };
		CA0FF6F8297AE03900408598 /* Preview Assets.xcassets in Resources */ = {isa = PBXBuildFile; fileRef = CA0FF6F7297AE03900408598 /* Preview Assets.xcassets */; };
		CA0FF702297AE22C00408598 /* ApiKey.swift in Sources */ = {isa = PBXBuildFile; fileRef = CA0FF701297AE22C00408598 /* ApiKey.swift */; };
		CA0FF704297AE23900408598 /* SnakeCaseJSONDecoder.swift in Sources */ = {isa = PBXBuildFile; fileRef = CA0FF703297AE23900408598 /* SnakeCaseJSONDecoder.swift */; };
		CA4C1A95297ADE3A009EDF38 /* MyFridgeRecipesApp.swift in Sources */ = {isa = PBXBuildFile; fileRef = CA4C1A94297ADE3A009EDF38 /* MyFridgeRecipesApp.swift */; };
		CA4C1A97297ADE3A009EDF38 /* HomeView.swift in Sources */ = {isa = PBXBuildFile; fileRef = CA4C1A96297ADE3A009EDF38 /* HomeView.swift */; };
		CA4C1A99297ADE3B009EDF38 /* Assets.xcassets in Resources */ = {isa = PBXBuildFile; fileRef = CA4C1A98297ADE3B009EDF38 /* Assets.xcassets */; };
		CA4C1A9E297ADE3B009EDF38 /* Persistence.swift in Sources */ = {isa = PBXBuildFile; fileRef = CA4C1A9D297ADE3B009EDF38 /* Persistence.swift */; };
		CA4C1AA1297ADE3B009EDF38 /* My_fridge_recipes.xcdatamodeld in Sources */ = {isa = PBXBuildFile; fileRef = CA4C1A9F297ADE3B009EDF38 /* My_fridge_recipes.xcdatamodeld */; };
		CA4C1AAB297ADE3B009EDF38 /* MyFridgeRecipesTests.swift in Sources */ = {isa = PBXBuildFile; fileRef = CA4C1AAA297ADE3B009EDF38 /* MyFridgeRecipesTests.swift */; };
		CA99F6762982F38F00E5D43C /* Kingfisher in Frameworks */ = {isa = PBXBuildFile; productRef = CA99F6752982F38F00E5D43C /* Kingfisher */; };
		CA99F67A2983C38700E5D43C /* TopBarViewModel.swift in Sources */ = {isa = PBXBuildFile; fileRef = CA99F6792983C38700E5D43C /* TopBarViewModel.swift */; };
		CA99F67E298412AB00E5D43C /* FridgeViewModel.swift in Sources */ = {isa = PBXBuildFile; fileRef = CA99F67D298412AB00E5D43C /* FridgeViewModel.swift */; };
		CA99F680298417E400E5D43C /* ButtonView.swift in Sources */ = {isa = PBXBuildFile; fileRef = CA99F67F298417E400E5D43C /* ButtonView.swift */; };
		CA99F682298419F700E5D43C /* MyFridgeRecipesView.swift in Sources */ = {isa = PBXBuildFile; fileRef = CA99F681298419F700E5D43C /* MyFridgeRecipesView.swift */; };
		CA99F68429842B4A00E5D43C /* Recipes.json in Resources */ = {isa = PBXBuildFile; fileRef = CA99F6832984273600E5D43C /* Recipes.json */; };
		CAB5303E297EFBEA000726EF /* FavouritesView.swift in Sources */ = {isa = PBXBuildFile; fileRef = CAB5303D297EFBEA000726EF /* FavouritesView.swift */; };
		CAB53040297EFF95000726EF /* RecipeCardView.swift in Sources */ = {isa = PBXBuildFile; fileRef = CAB5303F297EFF95000726EF /* RecipeCardView.swift */; };
		CAB53042297F03D0000726EF /* SearchBarView.swift in Sources */ = {isa = PBXBuildFile; fileRef = CAB53041297F03D0000726EF /* SearchBarView.swift */; };
		CAB53044298269DE000726EF /* FoodSearchView.swift in Sources */ = {isa = PBXBuildFile; fileRef = CAB53043298269DE000726EF /* FoodSearchView.swift */; };
		CAB5304629827599000726EF /* UIApplication+extension.swift in Sources */ = {isa = PBXBuildFile; fileRef = CAB5304529827599000726EF /* UIApplication+extension.swift */; };
		CAB5304829827C05000726EF /* SettingsView.swift in Sources */ = {isa = PBXBuildFile; fileRef = CAB5304729827C05000726EF /* SettingsView.swift */; };
		CAB5304A2982859E000726EF /* LoadFromJson.swift in Sources */ = {isa = PBXBuildFile; fileRef = CAB530492982859E000726EF /* LoadFromJson.swift */; };
		CAB5304C29828983000726EF /* Recipe.json in Resources */ = {isa = PBXBuildFile; fileRef = CAB5304B2982881A000726EF /* Recipe.json */; };
		CAB5304E2982ABA3000726EF /* RecipeDetailsViewModel.swift in Sources */ = {isa = PBXBuildFile; fileRef = CAB5304D2982ABA3000726EF /* RecipeDetailsViewModel.swift */; };
		CAB530502982AC22000726EF /* RecipeDetailsView.swift in Sources */ = {isa = PBXBuildFile; fileRef = CAB5304F2982AC22000726EF /* RecipeDetailsView.swift */; };
		CAB530522982C8BA000726EF /* RecipeCardViewModel.swift in Sources */ = {isa = PBXBuildFile; fileRef = CAB530512982C8BA000726EF /* RecipeCardViewModel.swift */; };
/* End PBXBuildFile section */

/* Begin PBXContainerItemProxy section */
		CA4C1AA7297ADE3B009EDF38 /* PBXContainerItemProxy */ = {
			isa = PBXContainerItemProxy;
			containerPortal = CA4C1A89297ADE3A009EDF38 /* Project object */;
			proxyType = 1;
			remoteGlobalIDString = CA4C1A90297ADE3A009EDF38;
			remoteInfo = "My fridge recipes";
		};
/* End PBXContainerItemProxy section */

/* Begin PBXFileReference section */
		CA025EB9297AF2A10004B340 /* String+Extension.swift */ = {isa = PBXFileReference; lastKnownFileType = sourcecode.swift; path = "String+Extension.swift"; sourceTree = "<group>"; };
		CA025EBB297AF3B50004B340 /* Language.swift */ = {isa = PBXFileReference; lastKnownFileType = sourcecode.swift; path = Language.swift; sourceTree = "<group>"; };
		CA025EC3297AF7F60004B340 /* en */ = {isa = PBXFileReference; lastKnownFileType = text.plist.strings; name = en; path = en.lproj/InfoPlist.strings; sourceTree = "<group>"; };
		CA025EC5297AF87B0004B340 /* fr */ = {isa = PBXFileReference; lastKnownFileType = text.plist.strings; name = fr; path = fr.lproj/InfoPlist.strings; sourceTree = "<group>"; };
		CA025EC9297AF8F50004B340 /* en */ = {isa = PBXFileReference; lastKnownFileType = text.plist.strings; name = en; path = en.lproj/Localizable.strings; sourceTree = "<group>"; };
		CA025ECB297AF8F80004B340 /* fr */ = {isa = PBXFileReference; lastKnownFileType = text.plist.strings; name = fr; path = fr.lproj/Localizable.strings; sourceTree = "<group>"; };
		CA025ED1297C36880004B340 /* HomeViewModel.swift */ = {isa = PBXFileReference; lastKnownFileType = sourcecode.swift; path = HomeViewModel.swift; sourceTree = "<group>"; };
		CA025ED4297C4FC20004B340 /* ApiManager.swift */ = {isa = PBXFileReference; lastKnownFileType = sourcecode.swift; path = ApiManager.swift; sourceTree = "<group>"; };
		CA025ED6297C500E0004B340 /* NetworkLogger.swift */ = {isa = PBXFileReference; lastKnownFileType = sourcecode.swift; path = NetworkLogger.swift; sourceTree = "<group>"; };
		CA025ED8297C50250004B340 /* MyRequestInterceptor.swift */ = {isa = PBXFileReference; lastKnownFileType = sourcecode.swift; path = MyRequestInterceptor.swift; sourceTree = "<group>"; };
		CA025EDA297C50390004B340 /* Router.swift */ = {isa = PBXFileReference; lastKnownFileType = sourcecode.swift; path = Router.swift; sourceTree = "<group>"; };
		CA025EDC297C504B0004B340 /* NetworkReachability.swift */ = {isa = PBXFileReference; lastKnownFileType = sourcecode.swift; path = NetworkReachability.swift; sourceTree = "<group>"; };
		CA025EDE297C59B60004B340 /* Recipes.swift */ = {isa = PBXFileReference; lastKnownFileType = sourcecode.swift; path = Recipes.swift; sourceTree = "<group>"; };
		CA025EE4297EEAFC0004B340 /* ErrorType.swift */ = {isa = PBXFileReference; lastKnownFileType = sourcecode.swift; path = ErrorType.swift; sourceTree = "<group>"; };
		CA025EE6297EEBA00004B340 /* ErrorView.swift */ = {isa = PBXFileReference; lastKnownFileType = sourcecode.swift; path = ErrorView.swift; sourceTree = "<group>"; };
		CA025EE8297EF2DB0004B340 /* FridgeView.swift */ = {isa = PBXFileReference; lastKnownFileType = sourcecode.swift; path = FridgeView.swift; sourceTree = "<group>"; };
		CA025EEC297EF5430004B340 /* TopBarView.swift */ = {isa = PBXFileReference; lastKnownFileType = sourcecode.swift; path = TopBarView.swift; sourceTree = "<group>"; };
		CA025EEE297EF7EE0004B340 /* MyTabView.swift */ = {isa = PBXFileReference; lastKnownFileType = sourcecode.swift; path = MyTabView.swift; sourceTree = "<group>"; };
		CA0FF6F7297AE03900408598 /* Preview Assets.xcassets */ = {isa = PBXFileReference; lastKnownFileType = folder.assetcatalog; path = "Preview Assets.xcassets"; sourceTree = "<group>"; };
		CA0FF701297AE22C00408598 /* ApiKey.swift */ = {isa = PBXFileReference; lastKnownFileType = sourcecode.swift; path = ApiKey.swift; sourceTree = "<group>"; };
		CA0FF703297AE23900408598 /* SnakeCaseJSONDecoder.swift */ = {isa = PBXFileReference; lastKnownFileType = sourcecode.swift; path = SnakeCaseJSONDecoder.swift; sourceTree = "<group>"; };
		CA4C1A91297ADE3A009EDF38 /* MyFridgeRecipes.app */ = {isa = PBXFileReference; explicitFileType = wrapper.application; includeInIndex = 0; path = MyFridgeRecipes.app; sourceTree = BUILT_PRODUCTS_DIR; };
		CA4C1A94297ADE3A009EDF38 /* MyFridgeRecipesApp.swift */ = {isa = PBXFileReference; lastKnownFileType = sourcecode.swift; path = MyFridgeRecipesApp.swift; sourceTree = "<group>"; };
		CA4C1A96297ADE3A009EDF38 /* HomeView.swift */ = {isa = PBXFileReference; lastKnownFileType = sourcecode.swift; path = HomeView.swift; sourceTree = "<group>"; };
		CA4C1A98297ADE3B009EDF38 /* Assets.xcassets */ = {isa = PBXFileReference; lastKnownFileType = folder.assetcatalog; path = Assets.xcassets; sourceTree = "<group>"; };
		CA4C1A9D297ADE3B009EDF38 /* Persistence.swift */ = {isa = PBXFileReference; lastKnownFileType = sourcecode.swift; path = Persistence.swift; sourceTree = "<group>"; };
		CA4C1AA0297ADE3B009EDF38 /* My_fridge_recipes.xcdatamodel */ = {isa = PBXFileReference; lastKnownFileType = wrapper.xcdatamodel; path = My_fridge_recipes.xcdatamodel; sourceTree = "<group>"; };
		CA4C1AA6297ADE3B009EDF38 /* MyFridgeRecipesTests.xctest */ = {isa = PBXFileReference; explicitFileType = wrapper.cfbundle; includeInIndex = 0; path = MyFridgeRecipesTests.xctest; sourceTree = BUILT_PRODUCTS_DIR; };
		CA4C1AAA297ADE3B009EDF38 /* MyFridgeRecipesTests.swift */ = {isa = PBXFileReference; lastKnownFileType = sourcecode.swift; path = MyFridgeRecipesTests.swift; sourceTree = "<group>"; };
		CA99F6792983C38700E5D43C /* TopBarViewModel.swift */ = {isa = PBXFileReference; lastKnownFileType = sourcecode.swift; path = TopBarViewModel.swift; sourceTree = "<group>"; };
		CA99F67D298412AB00E5D43C /* FridgeViewModel.swift */ = {isa = PBXFileReference; lastKnownFileType = sourcecode.swift; path = FridgeViewModel.swift; sourceTree = "<group>"; };
		CA99F67F298417E400E5D43C /* ButtonView.swift */ = {isa = PBXFileReference; lastKnownFileType = sourcecode.swift; path = ButtonView.swift; sourceTree = "<group>"; };
		CA99F681298419F700E5D43C /* MyFridgeRecipesView.swift */ = {isa = PBXFileReference; lastKnownFileType = sourcecode.swift; path = MyFridgeRecipesView.swift; sourceTree = "<group>"; };
		CA99F6832984273600E5D43C /* Recipes.json */ = {isa = PBXFileReference; lastKnownFileType = text.json; path = Recipes.json; sourceTree = "<group>"; };
		CAB5303D297EFBEA000726EF /* FavouritesView.swift */ = {isa = PBXFileReference; lastKnownFileType = sourcecode.swift; path = FavouritesView.swift; sourceTree = "<group>"; };
		CAB5303F297EFF95000726EF /* RecipeCardView.swift */ = {isa = PBXFileReference; lastKnownFileType = sourcecode.swift; path = RecipeCardView.swift; sourceTree = "<group>"; };
		CAB53041297F03D0000726EF /* SearchBarView.swift */ = {isa = PBXFileReference; lastKnownFileType = sourcecode.swift; path = SearchBarView.swift; sourceTree = "<group>"; };
		CAB53043298269DE000726EF /* FoodSearchView.swift */ = {isa = PBXFileReference; lastKnownFileType = sourcecode.swift; path = FoodSearchView.swift; sourceTree = "<group>"; };
		CAB5304529827599000726EF /* UIApplication+extension.swift */ = {isa = PBXFileReference; lastKnownFileType = sourcecode.swift; path = "UIApplication+extension.swift"; sourceTree = "<group>"; };
		CAB5304729827C05000726EF /* SettingsView.swift */ = {isa = PBXFileReference; lastKnownFileType = sourcecode.swift; path = SettingsView.swift; sourceTree = "<group>"; };
		CAB530492982859E000726EF /* LoadFromJson.swift */ = {isa = PBXFileReference; lastKnownFileType = sourcecode.swift; path = LoadFromJson.swift; sourceTree = "<group>"; };
		CAB5304B2982881A000726EF /* Recipe.json */ = {isa = PBXFileReference; lastKnownFileType = text.json; path = Recipe.json; sourceTree = "<group>"; };
		CAB5304D2982ABA3000726EF /* RecipeDetailsViewModel.swift */ = {isa = PBXFileReference; lastKnownFileType = sourcecode.swift; path = RecipeDetailsViewModel.swift; sourceTree = "<group>"; };
		CAB5304F2982AC22000726EF /* RecipeDetailsView.swift */ = {isa = PBXFileReference; lastKnownFileType = sourcecode.swift; path = RecipeDetailsView.swift; sourceTree = "<group>"; };
		CAB530512982C8BA000726EF /* RecipeCardViewModel.swift */ = {isa = PBXFileReference; lastKnownFileType = sourcecode.swift; path = RecipeCardViewModel.swift; sourceTree = "<group>"; };
/* End PBXFileReference section */

/* Begin PBXFrameworksBuildPhase section */
		CA4C1A8E297ADE3A009EDF38 /* Frameworks */ = {
			isa = PBXFrameworksBuildPhase;
			buildActionMask = 2147483647;
			files = (
				CA99F6762982F38F00E5D43C /* Kingfisher in Frameworks */,
				CA025ECE297C200F0004B340 /* Alamofire in Frameworks */,
			);
			runOnlyForDeploymentPostprocessing = 0;
		};
		CA4C1AA3297ADE3B009EDF38 /* Frameworks */ = {
			isa = PBXFrameworksBuildPhase;
			buildActionMask = 2147483647;
			files = (
			);
			runOnlyForDeploymentPostprocessing = 0;
		};
/* End PBXFrameworksBuildPhase section */

/* Begin PBXGroup section */
		CA0FF6F9297AE04100408598 /* PreviewContent */ = {
			isa = PBXGroup;
			children = (
				CAB530492982859E000726EF /* LoadFromJson.swift */,
				CAB5304B2982881A000726EF /* Recipe.json */,
				CA99F6832984273600E5D43C /* Recipes.json */,
				CA0FF6F7297AE03900408598 /* Preview Assets.xcassets */,
			);
			path = PreviewContent;
			sourceTree = "<group>";
		};
		CA0FF6FA297AE07C00408598 /* Components */ = {
			isa = PBXGroup;
			children = (
				CA025EE6297EEBA00004B340 /* ErrorView.swift */,
				CA025EEC297EF5430004B340 /* TopBarView.swift */,
				CAB5303F297EFF95000726EF /* RecipeCardView.swift */,
				CAB53041297F03D0000726EF /* SearchBarView.swift */,
				CA99F67F298417E400E5D43C /* ButtonView.swift */,
			);
			path = Components;
			sourceTree = "<group>";
		};
		CA0FF6FB297AE0A600408598 /* Fonts */ = {
			isa = PBXGroup;
			children = (
			);
			path = Fonts;
			sourceTree = "<group>";
		};
		CA0FF6FC297AE0AF00408598 /* Localizables */ = {
			isa = PBXGroup;
			children = (
				CA025EC4297AF7F60004B340 /* InfoPlist.strings */,
				CA025ECA297AF8F50004B340 /* Localizable.strings */,
			);
			path = Localizables;
			sourceTree = "<group>";
		};
		CA0FF6FD297AE0B900408598 /* Protocols */ = {
			isa = PBXGroup;
			children = (
			);
			path = Protocols;
			sourceTree = "<group>";
		};
		CA0FF6FE297AE0C100408598 /* Extensions */ = {
			isa = PBXGroup;
			children = (
				CA025EB9297AF2A10004B340 /* String+Extension.swift */,
				CAB5304529827599000726EF /* UIApplication+extension.swift */,
			);
			path = Extensions;
			sourceTree = "<group>";
		};
		CA4C1A88297ADE3A009EDF38 = {
			isa = PBXGroup;
			children = (
				CA4C1A93297ADE3A009EDF38 /* MyFridgeRecipes */,
				CA4C1AA9297ADE3B009EDF38 /* MyFridgeRecipesTests */,
				CA4C1A92297ADE3A009EDF38 /* Products */,
			);
			sourceTree = "<group>";
		};
		CA4C1A92297ADE3A009EDF38 /* Products */ = {
			isa = PBXGroup;
			children = (
				CA4C1A91297ADE3A009EDF38 /* MyFridgeRecipes.app */,
				CA4C1AA6297ADE3B009EDF38 /* MyFridgeRecipesTests.xctest */,
			);
			name = Products;
			sourceTree = "<group>";
		};
		CA4C1A93297ADE3A009EDF38 /* MyFridgeRecipes */ = {
			isa = PBXGroup;
			children = (
				CA4C1A94297ADE3A009EDF38 /* MyFridgeRecipesApp.swift */,
				CA4C1AC7297ADEED009EDF38 /* Services */,
				CA4C1AC3297ADE79009EDF38 /* Models */,
				CA4C1AC4297ADE7E009EDF38 /* ViewModels */,
				CA4C1AC5297ADEA9009EDF38 /* Views */,
				CA4C1AC6297ADEB1009EDF38 /* SupportingFiles */,
			);
			path = MyFridgeRecipes;
			sourceTree = "<group>";
		};
		CA4C1AA9297ADE3B009EDF38 /* MyFridgeRecipesTests */ = {
			isa = PBXGroup;
			children = (
				CA4C1AAA297ADE3B009EDF38 /* MyFridgeRecipesTests.swift */,
			);
			path = MyFridgeRecipesTests;
			sourceTree = "<group>";
		};
		CA4C1AC3297ADE79009EDF38 /* Models */ = {
			isa = PBXGroup;
			children = (
				CA4C1AC8297ADF1B009EDF38 /* CoreData */,
				CA025EBB297AF3B50004B340 /* Language.swift */,
				CA025EDE297C59B60004B340 /* Recipes.swift */,
				CA025EE4297EEAFC0004B340 /* ErrorType.swift */,
			);
			path = Models;
			sourceTree = "<group>";
		};
		CA4C1AC4297ADE7E009EDF38 /* ViewModels */ = {
			isa = PBXGroup;
			children = (
				CA025ED1297C36880004B340 /* HomeViewModel.swift */,
				CAB5304D2982ABA3000726EF /* RecipeDetailsViewModel.swift */,
				CAB530512982C8BA000726EF /* RecipeCardViewModel.swift */,
				CA99F6792983C38700E5D43C /* TopBarViewModel.swift */,
				CA99F67D298412AB00E5D43C /* FridgeViewModel.swift */,
			);
			path = ViewModels;
			sourceTree = "<group>";
		};
		CA4C1AC5297ADEA9009EDF38 /* Views */ = {
			isa = PBXGroup;
			children = (
				CA025EEE297EF7EE0004B340 /* MyTabView.swift */,
				CA4C1A96297ADE3A009EDF38 /* HomeView.swift */,
				CA025EE8297EF2DB0004B340 /* FridgeView.swift */,
				CAB5303D297EFBEA000726EF /* FavouritesView.swift */,
				CAB5304729827C05000726EF /* SettingsView.swift */,
				CAB5304F2982AC22000726EF /* RecipeDetailsView.swift */,
				CAB53043298269DE000726EF /* FoodSearchView.swift */,
				CA0FF6FA297AE07C00408598 /* Components */,
				CA99F681298419F700E5D43C /* MyFridgeRecipesView.swift */,
			);
			path = Views;
			sourceTree = "<group>";
		};
		CA4C1AC6297ADEB1009EDF38 /* SupportingFiles */ = {
			isa = PBXGroup;
			children = (
				CA0FF6FE297AE0C100408598 /* Extensions */,
				CA0FF6FD297AE0B900408598 /* Protocols */,
				CA0FF6FC297AE0AF00408598 /* Localizables */,
				CA0FF6FB297AE0A600408598 /* Fonts */,
				CA0FF6F9297AE04100408598 /* PreviewContent */,
				CA4C1A98297ADE3B009EDF38 /* Assets.xcassets */,
			);
			path = SupportingFiles;
			sourceTree = "<group>";
		};
		CA4C1AC7297ADEED009EDF38 /* Services */ = {
			isa = PBXGroup;
			children = (
				CA0FF701297AE22C00408598 /* ApiKey.swift */,
				CA0FF703297AE23900408598 /* SnakeCaseJSONDecoder.swift */,
				CA025ED4297C4FC20004B340 /* ApiManager.swift */,
				CA025ED6297C500E0004B340 /* NetworkLogger.swift */,
				CA025ED8297C50250004B340 /* MyRequestInterceptor.swift */,
				CA025EDA297C50390004B340 /* Router.swift */,
				CA025EDC297C504B0004B340 /* NetworkReachability.swift */,
			);
			path = Services;
			sourceTree = "<group>";
		};
		CA4C1AC8297ADF1B009EDF38 /* CoreData */ = {
			isa = PBXGroup;
			children = (
				CA4C1A9D297ADE3B009EDF38 /* Persistence.swift */,
				CA4C1A9F297ADE3B009EDF38 /* My_fridge_recipes.xcdatamodeld */,
			);
			path = CoreData;
			sourceTree = "<group>";
		};
/* End PBXGroup section */

/* Begin PBXNativeTarget section */
		CA4C1A90297ADE3A009EDF38 /* MyFridgeRecipes */ = {
			isa = PBXNativeTarget;
			buildConfigurationList = CA4C1ABA297ADE3B009EDF38 /* Build configuration list for PBXNativeTarget "MyFridgeRecipes" */;
			buildPhases = (
				CA4C1A8D297ADE3A009EDF38 /* Sources */,
				CA4C1A8E297ADE3A009EDF38 /* Frameworks */,
				CA4C1A8F297ADE3A009EDF38 /* Resources */,
				CA025EBF297AF4D30004B340 /* ShellScript */,
			);
			buildRules = (
			);
			dependencies = (
			);
			name = MyFridgeRecipes;
			packageProductDependencies = (
				CA025ECD297C200F0004B340 /* Alamofire */,
				CA99F6752982F38F00E5D43C /* Kingfisher */,
			);
			productName = "My fridge recipes";
			productReference = CA4C1A91297ADE3A009EDF38 /* MyFridgeRecipes.app */;
			productType = "com.apple.product-type.application";
		};
		CA4C1AA5297ADE3B009EDF38 /* MyFridgeRecipesTests */ = {
			isa = PBXNativeTarget;
			buildConfigurationList = CA4C1ABD297ADE3B009EDF38 /* Build configuration list for PBXNativeTarget "MyFridgeRecipesTests" */;
			buildPhases = (
				CA4C1AA2297ADE3B009EDF38 /* Sources */,
				CA4C1AA3297ADE3B009EDF38 /* Frameworks */,
				CA4C1AA4297ADE3B009EDF38 /* Resources */,
			);
			buildRules = (
			);
			dependencies = (
				CA4C1AA8297ADE3B009EDF38 /* PBXTargetDependency */,
			);
			name = MyFridgeRecipesTests;
			productName = "My fridge recipesTests";
			productReference = CA4C1AA6297ADE3B009EDF38 /* MyFridgeRecipesTests.xctest */;
			productType = "com.apple.product-type.bundle.unit-test";
		};
/* End PBXNativeTarget section */

/* Begin PBXProject section */
		CA4C1A89297ADE3A009EDF38 /* Project object */ = {
			isa = PBXProject;
			attributes = {
				BuildIndependentTargetsInParallel = 1;
				LastSwiftUpdateCheck = 1420;
				LastUpgradeCheck = 1420;
				TargetAttributes = {
					CA4C1A90297ADE3A009EDF38 = {
						CreatedOnToolsVersion = 14.2;
					};
					CA4C1AA5297ADE3B009EDF38 = {
						CreatedOnToolsVersion = 14.2;
						TestTargetID = CA4C1A90297ADE3A009EDF38;
					};
				};
			};
			buildConfigurationList = CA4C1A8C297ADE3A009EDF38 /* Build configuration list for PBXProject "MyFridgeRecipes" */;
			compatibilityVersion = "Xcode 14.0";
			developmentRegion = en;
			hasScannedForEncodings = 0;
			knownRegions = (
				en,
				Base,
				fr,
			);
			mainGroup = CA4C1A88297ADE3A009EDF38;
			packageReferences = (
				CA025ECC297C200F0004B340 /* XCRemoteSwiftPackageReference "Alamofire" */,
				CA99F6742982F38F00E5D43C /* XCRemoteSwiftPackageReference "Kingfisher" */,
			);
			productRefGroup = CA4C1A92297ADE3A009EDF38 /* Products */;
			projectDirPath = "";
			projectRoot = "";
			targets = (
				CA4C1A90297ADE3A009EDF38 /* MyFridgeRecipes */,
				CA4C1AA5297ADE3B009EDF38 /* MyFridgeRecipesTests */,
			);
		};
/* End PBXProject section */

/* Begin PBXResourcesBuildPhase section */
		CA4C1A8F297ADE3A009EDF38 /* Resources */ = {
			isa = PBXResourcesBuildPhase;
			buildActionMask = 2147483647;
			files = (
				CA0FF6F8297AE03900408598 /* Preview Assets.xcassets in Resources */,
				CA99F68429842B4A00E5D43C /* Recipes.json in Resources */,
				CA025EC8297AF8F50004B340 /* Localizable.strings in Resources */,
				CA025EC2297AF7F60004B340 /* InfoPlist.strings in Resources */,
				CA4C1A99297ADE3B009EDF38 /* Assets.xcassets in Resources */,
				CAB5304C29828983000726EF /* Recipe.json in Resources */,
			);
			runOnlyForDeploymentPostprocessing = 0;
		};
		CA4C1AA4297ADE3B009EDF38 /* Resources */ = {
			isa = PBXResourcesBuildPhase;
			buildActionMask = 2147483647;
			files = (
			);
			runOnlyForDeploymentPostprocessing = 0;
		};
/* End PBXResourcesBuildPhase section */

/* Begin PBXShellScriptBuildPhase section */
		CA025EBF297AF4D30004B340 /* ShellScript */ = {
			isa = PBXShellScriptBuildPhase;
			alwaysOutOfDate = 1;
			buildActionMask = 2147483647;
			files = (
			);
			inputFileListPaths = (
			);
			inputPaths = (
			);
			outputFileListPaths = (
			);
			outputPaths = (
			);
			runOnlyForDeploymentPostprocessing = 0;
			shellPath = /bin/sh;
			shellScript = "export PATH=\"$PATH:/opt/homebrew/bin\"\nif which swiftlint > /dev/null; then\n  swiftlint\nelse\n  echo \"warning: SwiftLint not installed, download from https://github.com/realm/SwiftLint\"\nfi\n";
		};
/* End PBXShellScriptBuildPhase section */

/* Begin PBXSourcesBuildPhase section */
		CA4C1A8D297ADE3A009EDF38 /* Sources */ = {
			isa = PBXSourcesBuildPhase;
			buildActionMask = 2147483647;
			files = (
				CA025ED7297C500E0004B340 /* NetworkLogger.swift in Sources */,
				CA025EE9297EF2DB0004B340 /* FridgeView.swift in Sources */,
				CA025EE7297EEBA00004B340 /* ErrorView.swift in Sources */,
				CA99F680298417E400E5D43C /* ButtonView.swift in Sources */,
				CAB5304629827599000726EF /* UIApplication+extension.swift in Sources */,
				CA99F67A2983C38700E5D43C /* TopBarViewModel.swift in Sources */,
				CAB53042297F03D0000726EF /* SearchBarView.swift in Sources */,
				CA025EEF297EF7EE0004B340 /* MyTabView.swift in Sources */,
				CAB530502982AC22000726EF /* RecipeDetailsView.swift in Sources */,
				CA025EBA297AF2A10004B340 /* String+Extension.swift in Sources */,
				CA4C1A9E297ADE3B009EDF38 /* Persistence.swift in Sources */,
				CA025EBC297AF3B50004B340 /* Language.swift in Sources */,
				CA025EED297EF5430004B340 /* TopBarView.swift in Sources */,
				CA025EDF297C59B60004B340 /* Recipes.swift in Sources */,
				CA025ED9297C50250004B340 /* MyRequestInterceptor.swift in Sources */,
				CA025EDB297C50390004B340 /* Router.swift in Sources */,
				CAB53044298269DE000726EF /* FoodSearchView.swift in Sources */,
				CAB5304A2982859E000726EF /* LoadFromJson.swift in Sources */,
				CA4C1A97297ADE3A009EDF38 /* HomeView.swift in Sources */,
				CA025EE5297EEAFC0004B340 /* ErrorType.swift in Sources */,
				CAB5304E2982ABA3000726EF /* RecipeDetailsViewModel.swift in Sources */,
				CA025ED2297C36880004B340 /* HomeViewModel.swift in Sources */,
				CA025ED5297C4FC20004B340 /* ApiManager.swift in Sources */,
				CAB5303E297EFBEA000726EF /* FavouritesView.swift in Sources */,
				CA4C1AA1297ADE3B009EDF38 /* My_fridge_recipes.xcdatamodeld in Sources */,
				CAB5304829827C05000726EF /* SettingsView.swift in Sources */,
				CA0FF704297AE23900408598 /* SnakeCaseJSONDecoder.swift in Sources */,
				CA99F67E298412AB00E5D43C /* FridgeViewModel.swift in Sources */,
				CAB53040297EFF95000726EF /* RecipeCardView.swift in Sources */,
				CAB530522982C8BA000726EF /* RecipeCardViewModel.swift in Sources */,
				CA025EDD297C504B0004B340 /* NetworkReachability.swift in Sources */,
				CA0FF702297AE22C00408598 /* ApiKey.swift in Sources */,
				CA99F682298419F700E5D43C /* MyFridgeRecipesView.swift in Sources */,
				CA4C1A95297ADE3A009EDF38 /* MyFridgeRecipesApp.swift in Sources */,
			);
			runOnlyForDeploymentPostprocessing = 0;
		};
		CA4C1AA2297ADE3B009EDF38 /* Sources */ = {
			isa = PBXSourcesBuildPhase;
			buildActionMask = 2147483647;
			files = (
				CA4C1AAB297ADE3B009EDF38 /* MyFridgeRecipesTests.swift in Sources */,
			);
			runOnlyForDeploymentPostprocessing = 0;
		};
/* End PBXSourcesBuildPhase section */

/* Begin PBXTargetDependency section */
		CA4C1AA8297ADE3B009EDF38 /* PBXTargetDependency */ = {
			isa = PBXTargetDependency;
			target = CA4C1A90297ADE3A009EDF38 /* MyFridgeRecipes */;
			targetProxy = CA4C1AA7297ADE3B009EDF38 /* PBXContainerItemProxy */;
		};
/* End PBXTargetDependency section */

/* Begin PBXVariantGroup section */
		CA025EC4297AF7F60004B340 /* InfoPlist.strings */ = {
			isa = PBXVariantGroup;
			children = (
				CA025EC3297AF7F60004B340 /* en */,
				CA025EC5297AF87B0004B340 /* fr */,
			);
			name = InfoPlist.strings;
			sourceTree = "<group>";
		};
		CA025ECA297AF8F50004B340 /* Localizable.strings */ = {
			isa = PBXVariantGroup;
			children = (
				CA025EC9297AF8F50004B340 /* en */,
				CA025ECB297AF8F80004B340 /* fr */,
			);
			name = Localizable.strings;
			sourceTree = "<group>";
		};
/* End PBXVariantGroup section */

/* Begin XCBuildConfiguration section */
		CA4C1AB8297ADE3B009EDF38 /* Debug */ = {
			isa = XCBuildConfiguration;
			buildSettings = {
				ALWAYS_SEARCH_USER_PATHS = NO;
				CLANG_ANALYZER_LOCALIZABILITY_NONLOCALIZED = YES;
				CLANG_ANALYZER_NONNULL = YES;
				CLANG_ANALYZER_NUMBER_OBJECT_CONVERSION = YES_AGGRESSIVE;
				CLANG_CXX_LANGUAGE_STANDARD = "gnu++20";
				CLANG_ENABLE_MODULES = YES;
				CLANG_ENABLE_OBJC_ARC = YES;
				CLANG_ENABLE_OBJC_WEAK = YES;
				CLANG_WARN_BLOCK_CAPTURE_AUTORELEASING = YES;
				CLANG_WARN_BOOL_CONVERSION = YES;
				CLANG_WARN_COMMA = YES;
				CLANG_WARN_CONSTANT_CONVERSION = YES;
				CLANG_WARN_DEPRECATED_OBJC_IMPLEMENTATIONS = YES;
				CLANG_WARN_DIRECT_OBJC_ISA_USAGE = YES_ERROR;
				CLANG_WARN_DOCUMENTATION_COMMENTS = YES;
				CLANG_WARN_EMPTY_BODY = YES;
				CLANG_WARN_ENUM_CONVERSION = YES;
				CLANG_WARN_INFINITE_RECURSION = YES;
				CLANG_WARN_INT_CONVERSION = YES;
				CLANG_WARN_NON_LITERAL_NULL_CONVERSION = YES;
				CLANG_WARN_OBJC_IMPLICIT_RETAIN_SELF = YES;
				CLANG_WARN_OBJC_LITERAL_CONVERSION = YES;
				CLANG_WARN_OBJC_ROOT_CLASS = YES_ERROR;
				CLANG_WARN_QUOTED_INCLUDE_IN_FRAMEWORK_HEADER = YES;
				CLANG_WARN_RANGE_LOOP_ANALYSIS = YES;
				CLANG_WARN_STRICT_PROTOTYPES = YES;
				CLANG_WARN_SUSPICIOUS_MOVE = YES;
				CLANG_WARN_UNGUARDED_AVAILABILITY = YES_AGGRESSIVE;
				CLANG_WARN_UNREACHABLE_CODE = YES;
				CLANG_WARN__DUPLICATE_METHOD_MATCH = YES;
				COPY_PHASE_STRIP = NO;
				DEBUG_INFORMATION_FORMAT = dwarf;
				ENABLE_STRICT_OBJC_MSGSEND = YES;
				ENABLE_TESTABILITY = YES;
				GCC_C_LANGUAGE_STANDARD = gnu11;
				GCC_DYNAMIC_NO_PIC = NO;
				GCC_NO_COMMON_BLOCKS = YES;
				GCC_OPTIMIZATION_LEVEL = 0;
				GCC_PREPROCESSOR_DEFINITIONS = (
					"DEBUG=1",
					"$(inherited)",
				);
				GCC_WARN_64_TO_32_BIT_CONVERSION = YES;
				GCC_WARN_ABOUT_RETURN_TYPE = YES_ERROR;
				GCC_WARN_UNDECLARED_SELECTOR = YES;
				GCC_WARN_UNINITIALIZED_AUTOS = YES_AGGRESSIVE;
				GCC_WARN_UNUSED_FUNCTION = YES;
				GCC_WARN_UNUSED_VARIABLE = YES;
				IPHONEOS_DEPLOYMENT_TARGET = 14.0;
				MTL_ENABLE_DEBUG_INFO = INCLUDE_SOURCE;
				MTL_FAST_MATH = YES;
				ONLY_ACTIVE_ARCH = YES;
				SDKROOT = iphoneos;
				SWIFT_ACTIVE_COMPILATION_CONDITIONS = DEBUG;
				SWIFT_OPTIMIZATION_LEVEL = "-Onone";
			};
			name = Debug;
		};
		CA4C1AB9297ADE3B009EDF38 /* Release */ = {
			isa = XCBuildConfiguration;
			buildSettings = {
				ALWAYS_SEARCH_USER_PATHS = NO;
				CLANG_ANALYZER_LOCALIZABILITY_NONLOCALIZED = YES;
				CLANG_ANALYZER_NONNULL = YES;
				CLANG_ANALYZER_NUMBER_OBJECT_CONVERSION = YES_AGGRESSIVE;
				CLANG_CXX_LANGUAGE_STANDARD = "gnu++20";
				CLANG_ENABLE_MODULES = YES;
				CLANG_ENABLE_OBJC_ARC = YES;
				CLANG_ENABLE_OBJC_WEAK = YES;
				CLANG_WARN_BLOCK_CAPTURE_AUTORELEASING = YES;
				CLANG_WARN_BOOL_CONVERSION = YES;
				CLANG_WARN_COMMA = YES;
				CLANG_WARN_CONSTANT_CONVERSION = YES;
				CLANG_WARN_DEPRECATED_OBJC_IMPLEMENTATIONS = YES;
				CLANG_WARN_DIRECT_OBJC_ISA_USAGE = YES_ERROR;
				CLANG_WARN_DOCUMENTATION_COMMENTS = YES;
				CLANG_WARN_EMPTY_BODY = YES;
				CLANG_WARN_ENUM_CONVERSION = YES;
				CLANG_WARN_INFINITE_RECURSION = YES;
				CLANG_WARN_INT_CONVERSION = YES;
				CLANG_WARN_NON_LITERAL_NULL_CONVERSION = YES;
				CLANG_WARN_OBJC_IMPLICIT_RETAIN_SELF = YES;
				CLANG_WARN_OBJC_LITERAL_CONVERSION = YES;
				CLANG_WARN_OBJC_ROOT_CLASS = YES_ERROR;
				CLANG_WARN_QUOTED_INCLUDE_IN_FRAMEWORK_HEADER = YES;
				CLANG_WARN_RANGE_LOOP_ANALYSIS = YES;
				CLANG_WARN_STRICT_PROTOTYPES = YES;
				CLANG_WARN_SUSPICIOUS_MOVE = YES;
				CLANG_WARN_UNGUARDED_AVAILABILITY = YES_AGGRESSIVE;
				CLANG_WARN_UNREACHABLE_CODE = YES;
				CLANG_WARN__DUPLICATE_METHOD_MATCH = YES;
				COPY_PHASE_STRIP = NO;
				DEBUG_INFORMATION_FORMAT = "dwarf-with-dsym";
				ENABLE_NS_ASSERTIONS = NO;
				ENABLE_STRICT_OBJC_MSGSEND = YES;
				GCC_C_LANGUAGE_STANDARD = gnu11;
				GCC_NO_COMMON_BLOCKS = YES;
				GCC_WARN_64_TO_32_BIT_CONVERSION = YES;
				GCC_WARN_ABOUT_RETURN_TYPE = YES_ERROR;
				GCC_WARN_UNDECLARED_SELECTOR = YES;
				GCC_WARN_UNINITIALIZED_AUTOS = YES_AGGRESSIVE;
				GCC_WARN_UNUSED_FUNCTION = YES;
				GCC_WARN_UNUSED_VARIABLE = YES;
				IPHONEOS_DEPLOYMENT_TARGET = 14.0;
				MTL_ENABLE_DEBUG_INFO = NO;
				MTL_FAST_MATH = YES;
				SDKROOT = iphoneos;
				SWIFT_COMPILATION_MODE = wholemodule;
				SWIFT_OPTIMIZATION_LEVEL = "-O";
				VALIDATE_PRODUCT = YES;
			};
			name = Release;
		};
		CA4C1ABB297ADE3B009EDF38 /* Debug */ = {
			isa = XCBuildConfiguration;
			buildSettings = {
				ASSETCATALOG_COMPILER_APPICON_NAME = AppIcon;
				ASSETCATALOG_COMPILER_GLOBAL_ACCENT_COLOR_NAME = AccentColor;
				CODE_SIGN_STYLE = Automatic;
				CURRENT_PROJECT_VERSION = 1;
				DEVELOPMENT_ASSET_PATHS = MyFridgeRecipes/SupportingFiles/PreviewContent;
				DEVELOPMENT_TEAM = 3SQYF6L285;
				ENABLE_PREVIEWS = YES;
				GENERATE_INFOPLIST_FILE = YES;
				INFOPLIST_KEY_LSApplicationCategoryType = "public.app-category.food-and-drink";
				INFOPLIST_KEY_UIApplicationSceneManifest_Generation = YES;
				INFOPLIST_KEY_UIApplicationSupportsIndirectInputEvents = YES;
				INFOPLIST_KEY_UILaunchScreen_Generation = YES;
				INFOPLIST_KEY_UISupportedInterfaceOrientations = UIInterfaceOrientationPortrait;
				IPHONEOS_DEPLOYMENT_TARGET = 14.0;
				LD_RUNPATH_SEARCH_PATHS = (
					"$(inherited)",
					"@executable_path/Frameworks",
				);
				MARKETING_VERSION = 1.0;
				PRODUCT_BUNDLE_IDENTIFIER = "com.maximepoint.My-fridge-recipes";
				PRODUCT_NAME = "$(TARGET_NAME)";
				SWIFT_EMIT_LOC_STRINGS = YES;
				SWIFT_VERSION = 5.0;
				TARGETED_DEVICE_FAMILY = "1,2";
			};
			name = Debug;
		};
		CA4C1ABC297ADE3B009EDF38 /* Release */ = {
			isa = XCBuildConfiguration;
			buildSettings = {
				ASSETCATALOG_COMPILER_APPICON_NAME = AppIcon;
				ASSETCATALOG_COMPILER_GLOBAL_ACCENT_COLOR_NAME = AccentColor;
				CODE_SIGN_STYLE = Automatic;
				CURRENT_PROJECT_VERSION = 1;
				DEVELOPMENT_ASSET_PATHS = MyFridgeRecipes/SupportingFiles/PreviewContent;
				DEVELOPMENT_TEAM = 3SQYF6L285;
				ENABLE_PREVIEWS = YES;
				GENERATE_INFOPLIST_FILE = YES;
				INFOPLIST_KEY_LSApplicationCategoryType = "public.app-category.food-and-drink";
				INFOPLIST_KEY_UIApplicationSceneManifest_Generation = YES;
				INFOPLIST_KEY_UIApplicationSupportsIndirectInputEvents = YES;
				INFOPLIST_KEY_UILaunchScreen_Generation = YES;
				INFOPLIST_KEY_UISupportedInterfaceOrientations = UIInterfaceOrientationPortrait;
				IPHONEOS_DEPLOYMENT_TARGET = 14.0;
				LD_RUNPATH_SEARCH_PATHS = (
					"$(inherited)",
					"@executable_path/Frameworks",
				);
				MARKETING_VERSION = 1.0;
				PRODUCT_BUNDLE_IDENTIFIER = "com.maximepoint.My-fridge-recipes";
				PRODUCT_NAME = "$(TARGET_NAME)";
				SWIFT_EMIT_LOC_STRINGS = YES;
				SWIFT_VERSION = 5.0;
				TARGETED_DEVICE_FAMILY = "1,2";
			};
			name = Release;
		};
		CA4C1ABE297ADE3B009EDF38 /* Debug */ = {
			isa = XCBuildConfiguration;
			buildSettings = {
				ALWAYS_EMBED_SWIFT_STANDARD_LIBRARIES = YES;
				BUNDLE_LOADER = "$(TEST_HOST)";
				CODE_SIGN_STYLE = Automatic;
				CURRENT_PROJECT_VERSION = 1;
				DEVELOPMENT_TEAM = 3SQYF6L285;
				GENERATE_INFOPLIST_FILE = YES;
				IPHONEOS_DEPLOYMENT_TARGET = 16.2;
				MARKETING_VERSION = 1.0;
				PRODUCT_BUNDLE_IDENTIFIER = "com.maximepoint.My-fridge-recipesTests";
				PRODUCT_NAME = "$(TARGET_NAME)";
				SWIFT_EMIT_LOC_STRINGS = NO;
				SWIFT_VERSION = 5.0;
				TARGETED_DEVICE_FAMILY = "1,2";
				TEST_HOST = "$(BUILT_PRODUCTS_DIR)/MyFridgeRecipes.app/$(BUNDLE_EXECUTABLE_FOLDER_PATH)/MyFridgeRecipes";
			};
			name = Debug;
		};
		CA4C1ABF297ADE3B009EDF38 /* Release */ = {
			isa = XCBuildConfiguration;
			buildSettings = {
				ALWAYS_EMBED_SWIFT_STANDARD_LIBRARIES = YES;
				BUNDLE_LOADER = "$(TEST_HOST)";
				CODE_SIGN_STYLE = Automatic;
				CURRENT_PROJECT_VERSION = 1;
				DEVELOPMENT_TEAM = 3SQYF6L285;
				GENERATE_INFOPLIST_FILE = YES;
				IPHONEOS_DEPLOYMENT_TARGET = 16.2;
				MARKETING_VERSION = 1.0;
				PRODUCT_BUNDLE_IDENTIFIER = "com.maximepoint.My-fridge-recipesTests";
				PRODUCT_NAME = "$(TARGET_NAME)";
				SWIFT_EMIT_LOC_STRINGS = NO;
				SWIFT_VERSION = 5.0;
				TARGETED_DEVICE_FAMILY = "1,2";
				TEST_HOST = "$(BUILT_PRODUCTS_DIR)/MyFridgeRecipes.app/$(BUNDLE_EXECUTABLE_FOLDER_PATH)/MyFridgeRecipes";
			};
			name = Release;
		};
/* End XCBuildConfiguration section */

/* Begin XCConfigurationList section */
		CA4C1A8C297ADE3A009EDF38 /* Build configuration list for PBXProject "MyFridgeRecipes" */ = {
			isa = XCConfigurationList;
			buildConfigurations = (
				CA4C1AB8297ADE3B009EDF38 /* Debug */,
				CA4C1AB9297ADE3B009EDF38 /* Release */,
			);
			defaultConfigurationIsVisible = 0;
			defaultConfigurationName = Release;
		};
		CA4C1ABA297ADE3B009EDF38 /* Build configuration list for PBXNativeTarget "MyFridgeRecipes" */ = {
			isa = XCConfigurationList;
			buildConfigurations = (
				CA4C1ABB297ADE3B009EDF38 /* Debug */,
				CA4C1ABC297ADE3B009EDF38 /* Release */,
			);
			defaultConfigurationIsVisible = 0;
			defaultConfigurationName = Release;
		};
		CA4C1ABD297ADE3B009EDF38 /* Build configuration list for PBXNativeTarget "MyFridgeRecipesTests" */ = {
			isa = XCConfigurationList;
			buildConfigurations = (
				CA4C1ABE297ADE3B009EDF38 /* Debug */,
				CA4C1ABF297ADE3B009EDF38 /* Release */,
			);
			defaultConfigurationIsVisible = 0;
			defaultConfigurationName = Release;
		};
/* End XCConfigurationList section */

/* Begin XCRemoteSwiftPackageReference section */
		CA025ECC297C200F0004B340 /* XCRemoteSwiftPackageReference "Alamofire" */ = {
			isa = XCRemoteSwiftPackageReference;
			repositoryURL = "https://github.com/Alamofire/Alamofire.git";
			requirement = {
				kind = upToNextMinorVersion;
				minimumVersion = 5.6.0;
			};
		};
		CA99F6742982F38F00E5D43C /* XCRemoteSwiftPackageReference "Kingfisher" */ = {
			isa = XCRemoteSwiftPackageReference;
			repositoryURL = "https://github.com/onevcat/Kingfisher";
			requirement = {
				kind = upToNextMajorVersion;
				minimumVersion = 7.0.0;
			};
		};
/* End XCRemoteSwiftPackageReference section */

/* Begin XCSwiftPackageProductDependency section */
		CA025ECD297C200F0004B340 /* Alamofire */ = {
			isa = XCSwiftPackageProductDependency;
			package = CA025ECC297C200F0004B340 /* XCRemoteSwiftPackageReference "Alamofire" */;
			productName = Alamofire;
		};
		CA99F6752982F38F00E5D43C /* Kingfisher */ = {
			isa = XCSwiftPackageProductDependency;
			package = CA99F6742982F38F00E5D43C /* XCRemoteSwiftPackageReference "Kingfisher" */;
			productName = Kingfisher;
		};
/* End XCSwiftPackageProductDependency section */

/* Begin XCVersionGroup section */
		CA4C1A9F297ADE3B009EDF38 /* My_fridge_recipes.xcdatamodeld */ = {
			isa = XCVersionGroup;
			children = (
				CA4C1AA0297ADE3B009EDF38 /* My_fridge_recipes.xcdatamodel */,
			);
			currentVersion = CA4C1AA0297ADE3B009EDF38 /* My_fridge_recipes.xcdatamodel */;
			path = My_fridge_recipes.xcdatamodeld;
			sourceTree = "<group>";
			versionGroupType = wrapper.xcdatamodel;
		};
/* End XCVersionGroup section */
	};
	rootObject = CA4C1A89297ADE3A009EDF38 /* Project object */;
}
