// !$*UTF8*$!
{
	archiveVersion = 1;
	classes = {
	};
	objectVersion = 56;
	objects = {

/* Begin PBXBuildFile section */
		CA025EBA297AF2A10004B340 /* String+Extension.swift in Sources */ = {isa = PBXBuildFile; fileRef = CA025EB9297AF2A10004B340 /* String+Extension.swift */; };
		CA025EBC297AF3B50004B340 /* Language.swift in Sources */ = {isa = PBXBuildFile; fileRef = CA025EBB297AF3B50004B340 /* Language.swift */; };
		CA025EC2297AF7F60004B340 /* InfoPlist.strings in Resources */ = {isa = PBXBuildFile; fileRef = CA025EC4297AF7F60004B340 /* InfoPlist.strings */; };
		CA025EC8297AF8F50004B340 /* Localizable.strings in Resources */ = {isa = PBXBuildFile; fileRef = CA025ECA297AF8F50004B340 /* Localizable.strings */; };
		CA025ECE297C200F0004B340 /* Alamofire in Frameworks */ = {isa = PBXBuildFile; productRef = CA025ECD297C200F0004B340 /* Alamofire */; };
		CA025ED2297C36880004B340 /* HomeViewModel.swift in Sources */ = {isa = PBXBuildFile; fileRef = CA025ED1297C36880004B340 /* HomeViewModel.swift */; };
		CA025ED5297C4FC20004B340 /* APIManager.swift in Sources */ = {isa = PBXBuildFile; fileRef = CA025ED4297C4FC20004B340 /* APIManager.swift */; };
		CA025ED7297C500E0004B340 /* APINetworkLogger.swift in Sources */ = {isa = PBXBuildFile; fileRef = CA025ED6297C500E0004B340 /* APINetworkLogger.swift */; };
		CA025ED9297C50250004B340 /* APIRequestInterceptor.swift in Sources */ = {isa = PBXBuildFile; fileRef = CA025ED8297C50250004B340 /* APIRequestInterceptor.swift */; };
		CA025EDB297C50390004B340 /* APIRouter.swift in Sources */ = {isa = PBXBuildFile; fileRef = CA025EDA297C50390004B340 /* APIRouter.swift */; };
		CA025EDF297C59B60004B340 /* Recipes.swift in Sources */ = {isa = PBXBuildFile; fileRef = CA025EDE297C59B60004B340 /* Recipes.swift */; };
		CA025EE5297EEAFC0004B340 /* ErrorManager.swift in Sources */ = {isa = PBXBuildFile; fileRef = CA025EE4297EEAFC0004B340 /* ErrorManager.swift */; };
		CA025EE7297EEBA00004B340 /* ErrorView.swift in Sources */ = {isa = PBXBuildFile; fileRef = CA025EE6297EEBA00004B340 /* ErrorView.swift */; };
		CA025EE9297EF2DB0004B340 /* FridgeView.swift in Sources */ = {isa = PBXBuildFile; fileRef = CA025EE8297EF2DB0004B340 /* FridgeView.swift */; };
		CA025EEF297EF7EE0004B340 /* MyTabView.swift in Sources */ = {isa = PBXBuildFile; fileRef = CA025EEE297EF7EE0004B340 /* MyTabView.swift */; };
		CA05847E29A117F500DE2062 /* AppStorageKeys.swift in Sources */ = {isa = PBXBuildFile; fileRef = CA05847D29A117F500DE2062 /* AppStorageKeys.swift */; };
		CA05848129A2401900DE2062 /* Recipe.json in Resources */ = {isa = PBXBuildFile; fileRef = CAB5304B2982881A000726EF /* Recipe.json */; };
		CA05848229A2401C00DE2062 /* Recipes.json in Resources */ = {isa = PBXBuildFile; fileRef = CA99F6832984273600E5D43C /* Recipes.json */; };
		CA0FF6F8297AE03900408598 /* Preview Assets.xcassets in Resources */ = {isa = PBXBuildFile; fileRef = CA0FF6F7297AE03900408598 /* Preview Assets.xcassets */; };
		CA0FF702297AE22C00408598 /* APIKeys.swift in Sources */ = {isa = PBXBuildFile; fileRef = CA0FF701297AE22C00408598 /* APIKeys.swift */; };
		CA0FF704297AE23900408598 /* SnakeCaseJSONDecoder.swift in Sources */ = {isa = PBXBuildFile; fileRef = CA0FF703297AE23900408598 /* SnakeCaseJSONDecoder.swift */; };
		CA1308182994220500D6A5EB /* Mocker in Frameworks */ = {isa = PBXBuildFile; productRef = CA1308172994220500D6A5EB /* Mocker */; };
		CA13081A2994F2AD00D6A5EB /* AFError+Extension.swift in Sources */ = {isa = PBXBuildFile; fileRef = CA1308192994F2AD00D6A5EB /* AFError+Extension.swift */; };
		CA13081F299507ED00D6A5EB /* HomeViewModelTests.swift in Sources */ = {isa = PBXBuildFile; fileRef = CA13081E299507ED00D6A5EB /* HomeViewModelTests.swift */; };
		CA130821299509AE00D6A5EB /* APIManager+Protocol.swift in Sources */ = {isa = PBXBuildFile; fileRef = CA130820299509AE00D6A5EB /* APIManager+Protocol.swift */; };
		CA13082329950A8C00D6A5EB /* MockAPIManager.swift in Sources */ = {isa = PBXBuildFile; fileRef = CA13082229950A8C00D6A5EB /* MockAPIManager.swift */; };
		CA26941329A26A2C00ADA388 /* ActionType.swift in Sources */ = {isa = PBXBuildFile; fileRef = CA26941229A26A2C00ADA388 /* ActionType.swift */; };
		CA26941629A29E8900ADA388 /* FridgeViewModelTests.swift in Sources */ = {isa = PBXBuildFile; fileRef = CA26941529A29E8900ADA388 /* FridgeViewModelTests.swift */; };
		CA26941829A35E0000ADA388 /* TopBarViewModelTests.swift in Sources */ = {isa = PBXBuildFile; fileRef = CA26941729A35E0000ADA388 /* TopBarViewModelTests.swift */; };
		CA26941A29A3670700ADA388 /* FavoritesViewModelTests.swift in Sources */ = {isa = PBXBuildFile; fileRef = CA26941929A3670700ADA388 /* FavoritesViewModelTests.swift */; };
		CA26941C29A36D8C00ADA388 /* CDManager+Protocol.swift in Sources */ = {isa = PBXBuildFile; fileRef = CA26941B29A36D8C00ADA388 /* CDManager+Protocol.swift */; };
		CA26941E29A36F5E00ADA388 /* MockCDManager.swift in Sources */ = {isa = PBXBuildFile; fileRef = CA26941D29A36F5E00ADA388 /* MockCDManager.swift */; };
		CA26942029A4F51800ADA388 /* RecipeDetailsViewModelTests.swift in Sources */ = {isa = PBXBuildFile; fileRef = CA26941F29A4F51800ADA388 /* RecipeDetailsViewModelTests.swift */; };
		CA26942229A4FCB900ADA388 /* CDRecipesRepositoryTests.swift in Sources */ = {isa = PBXBuildFile; fileRef = CA26942129A4FCB900ADA388 /* CDRecipesRepositoryTests.swift */; };
		CA4C1A95297ADE3A009EDF38 /* MyFridgeRecipesApp.swift in Sources */ = {isa = PBXBuildFile; fileRef = CA4C1A94297ADE3A009EDF38 /* MyFridgeRecipesApp.swift */; };
		CA4C1A97297ADE3A009EDF38 /* HomeView.swift in Sources */ = {isa = PBXBuildFile; fileRef = CA4C1A96297ADE3A009EDF38 /* HomeView.swift */; };
		CA4C1A99297ADE3B009EDF38 /* Assets.xcassets in Resources */ = {isa = PBXBuildFile; fileRef = CA4C1A98297ADE3B009EDF38 /* Assets.xcassets */; };
		CA4C1AAB297ADE3B009EDF38 /* APIManagerTests.swift in Sources */ = {isa = PBXBuildFile; fileRef = CA4C1AAA297ADE3B009EDF38 /* APIManagerTests.swift */; };
		CA5CAF58299CD68A00DBB57C /* ShareButton.swift in Sources */ = {isa = PBXBuildFile; fileRef = CA5CAF57299CD68A00DBB57C /* ShareButton.swift */; };
		CA5CAF5D299EB0D600DBB57C /* TopBarView.swift in Sources */ = {isa = PBXBuildFile; fileRef = CA5CAF5C299EB0D600DBB57C /* TopBarView.swift */; };
		CA5CAF5F299F650E00DBB57C /* OnBoardingView.swift in Sources */ = {isa = PBXBuildFile; fileRef = CA5CAF5E299F650E00DBB57C /* OnBoardingView.swift */; };
		CA5CAF61299F720400DBB57C /* OnBoardingButtonView.swift in Sources */ = {isa = PBXBuildFile; fileRef = CA5CAF60299F720400DBB57C /* OnBoardingButtonView.swift */; };
		CA5CAF63299F86BA00DBB57C /* BlinkViewModifier.swift in Sources */ = {isa = PBXBuildFile; fileRef = CA5CAF62299F86BA00DBB57C /* BlinkViewModifier.swift */; };
		CA78AA73298D5F9600C5D8B6 /* MockResponseData.swift in Sources */ = {isa = PBXBuildFile; fileRef = CA78AA72298D5F9600C5D8B6 /* MockResponseData.swift */; };
		CA78AA79298FE93B00C5D8B6 /* FavoriteButtonView.swift in Sources */ = {isa = PBXBuildFile; fileRef = CA78AA78298FE93B00C5D8B6 /* FavoriteButtonView.swift */; };
		CA78AA7B2990E8F900C5D8B6 /* CDManager.swift in Sources */ = {isa = PBXBuildFile; fileRef = CA78AA7A2990E8F900C5D8B6 /* CDManager.swift */; };
		CA78AA7E2990EAC300C5D8B6 /* MyFridgeRecipes.xcdatamodeld in Sources */ = {isa = PBXBuildFile; fileRef = CA78AA7C2990EAC300C5D8B6 /* MyFridgeRecipes.xcdatamodeld */; };
		CA78AA802990EDC000C5D8B6 /* CDRecipe.swift in Sources */ = {isa = PBXBuildFile; fileRef = CA78AA7F2990EDC000C5D8B6 /* CDRecipe.swift */; };
		CA78AA822990EE8C00C5D8B6 /* CDRecipesRepository.swift in Sources */ = {isa = PBXBuildFile; fileRef = CA78AA812990EE8C00C5D8B6 /* CDRecipesRepository.swift */; };
		CA78AA842990F3D300C5D8B6 /* FavoritesViewModel.swift in Sources */ = {isa = PBXBuildFile; fileRef = CA78AA832990F3D300C5D8B6 /* FavoritesViewModel.swift */; };
		CA99F6762982F38F00E5D43C /* Kingfisher in Frameworks */ = {isa = PBXBuildFile; productRef = CA99F6752982F38F00E5D43C /* Kingfisher */; };
		CA99F67A2983C38700E5D43C /* TopBarViewModel.swift in Sources */ = {isa = PBXBuildFile; fileRef = CA99F6792983C38700E5D43C /* TopBarViewModel.swift */; };
		CA99F67E298412AB00E5D43C /* FridgeViewModel.swift in Sources */ = {isa = PBXBuildFile; fileRef = CA99F67D298412AB00E5D43C /* FridgeViewModel.swift */; };
		CA99F680298417E400E5D43C /* ButtonView.swift in Sources */ = {isa = PBXBuildFile; fileRef = CA99F67F298417E400E5D43C /* ButtonView.swift */; };
		CA99F682298419F700E5D43C /* RecipesListView.swift in Sources */ = {isa = PBXBuildFile; fileRef = CA99F681298419F700E5D43C /* RecipesListView.swift */; };
		CA99F68429842B4A00E5D43C /* Recipes.json in Resources */ = {isa = PBXBuildFile; fileRef = CA99F6832984273600E5D43C /* Recipes.json */; };
		CAB5303E297EFBEA000726EF /* FavoritesView.swift in Sources */ = {isa = PBXBuildFile; fileRef = CAB5303D297EFBEA000726EF /* FavoritesView.swift */; };
		CAB53040297EFF95000726EF /* RecipeCardView.swift in Sources */ = {isa = PBXBuildFile; fileRef = CAB5303F297EFF95000726EF /* RecipeCardView.swift */; };
		CAB53042297F03D0000726EF /* SearchBarView.swift in Sources */ = {isa = PBXBuildFile; fileRef = CAB53041297F03D0000726EF /* SearchBarView.swift */; };
		CAB53044298269DE000726EF /* IngredientSearchView.swift in Sources */ = {isa = PBXBuildFile; fileRef = CAB53043298269DE000726EF /* IngredientSearchView.swift */; };
		CAB5304629827599000726EF /* UIApplication+Extension.swift in Sources */ = {isa = PBXBuildFile; fileRef = CAB5304529827599000726EF /* UIApplication+Extension.swift */; };
		CAB5304A2982859E000726EF /* MockData.swift in Sources */ = {isa = PBXBuildFile; fileRef = CAB530492982859E000726EF /* MockData.swift */; };
		CAB5304C29828983000726EF /* Recipe.json in Resources */ = {isa = PBXBuildFile; fileRef = CAB5304B2982881A000726EF /* Recipe.json */; };
		CAB5304E2982ABA3000726EF /* RecipeDetailsViewModel.swift in Sources */ = {isa = PBXBuildFile; fileRef = CAB5304D2982ABA3000726EF /* RecipeDetailsViewModel.swift */; };
		CAB530502982AC22000726EF /* RecipeDetailsView.swift in Sources */ = {isa = PBXBuildFile; fileRef = CAB5304F2982AC22000726EF /* RecipeDetailsView.swift */; };
		CAB530522982C8BA000726EF /* RecipeCardViewModel.swift in Sources */ = {isa = PBXBuildFile; fileRef = CAB530512982C8BA000726EF /* RecipeCardViewModel.swift */; };
		CAB55619298BB85A003E5F4C /* PageState.swift in Sources */ = {isa = PBXBuildFile; fileRef = CAB55618298BB85A003E5F4C /* PageState.swift */; };
		CAFD13FB2996432000C4C933 /* IconAndDataView.swift in Sources */ = {isa = PBXBuildFile; fileRef = CAFD13FA2996432000C4C933 /* IconAndDataView.swift */; };
/* End PBXBuildFile section */

/* Begin PBXContainerItemProxy section */
		CA4C1AA7297ADE3B009EDF38 /* PBXContainerItemProxy */ = {
			isa = PBXContainerItemProxy;
			containerPortal = CA4C1A89297ADE3A009EDF38 /* Project object */;
			proxyType = 1;
			remoteGlobalIDString = CA4C1A90297ADE3A009EDF38;
			remoteInfo = "My fridge recipes";
		};
/* End PBXContainerItemProxy section */

/* Begin PBXFileReference section */
		CA025EB9297AF2A10004B340 /* String+Extension.swift */ = {isa = PBXFileReference; lastKnownFileType = sourcecode.swift; path = "String+Extension.swift"; sourceTree = "<group>"; };
		CA025EBB297AF3B50004B340 /* Language.swift */ = {isa = PBXFileReference; lastKnownFileType = sourcecode.swift; path = Language.swift; sourceTree = "<group>"; };
		CA025EC3297AF7F60004B340 /* en */ = {isa = PBXFileReference; lastKnownFileType = text.plist.strings; name = en; path = en.lproj/InfoPlist.strings; sourceTree = "<group>"; };
		CA025EC5297AF87B0004B340 /* fr */ = {isa = PBXFileReference; lastKnownFileType = text.plist.strings; name = fr; path = fr.lproj/InfoPlist.strings; sourceTree = "<group>"; };
		CA025EC9297AF8F50004B340 /* en */ = {isa = PBXFileReference; lastKnownFileType = text.plist.strings; name = en; path = en.lproj/Localizable.strings; sourceTree = "<group>"; };
		CA025ECB297AF8F80004B340 /* fr */ = {isa = PBXFileReference; lastKnownFileType = text.plist.strings; name = fr; path = fr.lproj/Localizable.strings; sourceTree = "<group>"; };
		CA025ED1297C36880004B340 /* HomeViewModel.swift */ = {isa = PBXFileReference; lastKnownFileType = sourcecode.swift; path = HomeViewModel.swift; sourceTree = "<group>"; };
		CA025ED4297C4FC20004B340 /* APIManager.swift */ = {isa = PBXFileReference; lastKnownFileType = sourcecode.swift; path = APIManager.swift; sourceTree = "<group>"; };
		CA025ED6297C500E0004B340 /* APINetworkLogger.swift */ = {isa = PBXFileReference; lastKnownFileType = sourcecode.swift; path = APINetworkLogger.swift; sourceTree = "<group>"; };
		CA025ED8297C50250004B340 /* APIRequestInterceptor.swift */ = {isa = PBXFileReference; lastKnownFileType = sourcecode.swift; path = APIRequestInterceptor.swift; sourceTree = "<group>"; };
		CA025EDA297C50390004B340 /* APIRouter.swift */ = {isa = PBXFileReference; lastKnownFileType = sourcecode.swift; path = APIRouter.swift; sourceTree = "<group>"; };
		CA025EDE297C59B60004B340 /* Recipes.swift */ = {isa = PBXFileReference; lastKnownFileType = sourcecode.swift; path = Recipes.swift; sourceTree = "<group>"; };
		CA025EE4297EEAFC0004B340 /* ErrorManager.swift */ = {isa = PBXFileReference; lastKnownFileType = sourcecode.swift; path = ErrorManager.swift; sourceTree = "<group>"; };
		CA025EE6297EEBA00004B340 /* ErrorView.swift */ = {isa = PBXFileReference; lastKnownFileType = sourcecode.swift; path = ErrorView.swift; sourceTree = "<group>"; };
		CA025EE8297EF2DB0004B340 /* FridgeView.swift */ = {isa = PBXFileReference; lastKnownFileType = sourcecode.swift; path = FridgeView.swift; sourceTree = "<group>"; };
		CA025EEE297EF7EE0004B340 /* MyTabView.swift */ = {isa = PBXFileReference; lastKnownFileType = sourcecode.swift; path = MyTabView.swift; sourceTree = "<group>"; };
		CA05847D29A117F500DE2062 /* AppStorageKeys.swift */ = {isa = PBXFileReference; lastKnownFileType = sourcecode.swift; path = AppStorageKeys.swift; sourceTree = "<group>"; };
		CA0FF6F7297AE03900408598 /* Preview Assets.xcassets */ = {isa = PBXFileReference; lastKnownFileType = folder.assetcatalog; path = "Preview Assets.xcassets"; sourceTree = "<group>"; };
		CA0FF701297AE22C00408598 /* APIKeys.swift */ = {isa = PBXFileReference; lastKnownFileType = sourcecode.swift; path = APIKeys.swift; sourceTree = "<group>"; };
		CA0FF703297AE23900408598 /* SnakeCaseJSONDecoder.swift */ = {isa = PBXFileReference; lastKnownFileType = sourcecode.swift; path = SnakeCaseJSONDecoder.swift; sourceTree = "<group>"; };
		CA1308192994F2AD00D6A5EB /* AFError+Extension.swift */ = {isa = PBXFileReference; lastKnownFileType = sourcecode.swift; path = "AFError+Extension.swift"; sourceTree = "<group>"; };
		CA13081E299507ED00D6A5EB /* HomeViewModelTests.swift */ = {isa = PBXFileReference; lastKnownFileType = sourcecode.swift; path = HomeViewModelTests.swift; sourceTree = "<group>"; };
		CA130820299509AE00D6A5EB /* APIManager+Protocol.swift */ = {isa = PBXFileReference; lastKnownFileType = sourcecode.swift; path = "APIManager+Protocol.swift"; sourceTree = "<group>"; };
		CA13082229950A8C00D6A5EB /* MockAPIManager.swift */ = {isa = PBXFileReference; lastKnownFileType = sourcecode.swift; path = MockAPIManager.swift; sourceTree = "<group>"; };
		CA26941229A26A2C00ADA388 /* ActionType.swift */ = {isa = PBXFileReference; lastKnownFileType = sourcecode.swift; path = ActionType.swift; sourceTree = "<group>"; };
		CA26941529A29E8900ADA388 /* FridgeViewModelTests.swift */ = {isa = PBXFileReference; lastKnownFileType = sourcecode.swift; path = FridgeViewModelTests.swift; sourceTree = "<group>"; };
		CA26941729A35E0000ADA388 /* TopBarViewModelTests.swift */ = {isa = PBXFileReference; lastKnownFileType = sourcecode.swift; path = TopBarViewModelTests.swift; sourceTree = "<group>"; };
		CA26941929A3670700ADA388 /* FavoritesViewModelTests.swift */ = {isa = PBXFileReference; lastKnownFileType = sourcecode.swift; path = FavoritesViewModelTests.swift; sourceTree = "<group>"; };
		CA26941B29A36D8C00ADA388 /* CDManager+Protocol.swift */ = {isa = PBXFileReference; lastKnownFileType = sourcecode.swift; path = "CDManager+Protocol.swift"; sourceTree = "<group>"; };
		CA26941D29A36F5E00ADA388 /* MockCDManager.swift */ = {isa = PBXFileReference; lastKnownFileType = sourcecode.swift; path = MockCDManager.swift; sourceTree = "<group>"; };
		CA26941F29A4F51800ADA388 /* RecipeDetailsViewModelTests.swift */ = {isa = PBXFileReference; lastKnownFileType = sourcecode.swift; path = RecipeDetailsViewModelTests.swift; sourceTree = "<group>"; };
		CA26942129A4FCB900ADA388 /* CDRecipesRepositoryTests.swift */ = {isa = PBXFileReference; lastKnownFileType = sourcecode.swift; path = CDRecipesRepositoryTests.swift; sourceTree = "<group>"; };
		CA4C1A91297ADE3A009EDF38 /* MyFridgeRecipes.app */ = {isa = PBXFileReference; explicitFileType = wrapper.application; includeInIndex = 0; path = MyFridgeRecipes.app; sourceTree = BUILT_PRODUCTS_DIR; };
		CA4C1A94297ADE3A009EDF38 /* MyFridgeRecipesApp.swift */ = {isa = PBXFileReference; lastKnownFileType = sourcecode.swift; path = MyFridgeRecipesApp.swift; sourceTree = "<group>"; };
		CA4C1A96297ADE3A009EDF38 /* HomeView.swift */ = {isa = PBXFileReference; lastKnownFileType = sourcecode.swift; path = HomeView.swift; sourceTree = "<group>"; };
		CA4C1A98297ADE3B009EDF38 /* Assets.xcassets */ = {isa = PBXFileReference; lastKnownFileType = folder.assetcatalog; path = Assets.xcassets; sourceTree = "<group>"; };
		CA4C1AA6297ADE3B009EDF38 /* MyFridgeRecipesTests.xctest */ = {isa = PBXFileReference; explicitFileType = wrapper.cfbundle; includeInIndex = 0; path = MyFridgeRecipesTests.xctest; sourceTree = BUILT_PRODUCTS_DIR; };
		CA4C1AAA297ADE3B009EDF38 /* APIManagerTests.swift */ = {isa = PBXFileReference; lastKnownFileType = sourcecode.swift; path = APIManagerTests.swift; sourceTree = "<group>"; };
		CA5CAF57299CD68A00DBB57C /* ShareButton.swift */ = {isa = PBXFileReference; lastKnownFileType = sourcecode.swift; path = ShareButton.swift; sourceTree = "<group>"; };
		CA5CAF59299CDD0900DBB57C /* Info.plist */ = {isa = PBXFileReference; lastKnownFileType = text.plist; path = Info.plist; sourceTree = "<group>"; };
		CA5CAF5C299EB0D600DBB57C /* TopBarView.swift */ = {isa = PBXFileReference; lastKnownFileType = sourcecode.swift; path = TopBarView.swift; sourceTree = "<group>"; };
		CA5CAF5E299F650E00DBB57C /* OnBoardingView.swift */ = {isa = PBXFileReference; lastKnownFileType = sourcecode.swift; path = OnBoardingView.swift; sourceTree = "<group>"; };
		CA5CAF60299F720400DBB57C /* OnBoardingButtonView.swift */ = {isa = PBXFileReference; lastKnownFileType = sourcecode.swift; path = OnBoardingButtonView.swift; sourceTree = "<group>"; };
		CA5CAF62299F86BA00DBB57C /* BlinkViewModifier.swift */ = {isa = PBXFileReference; lastKnownFileType = sourcecode.swift; path = BlinkViewModifier.swift; sourceTree = "<group>"; };
		CA78AA72298D5F9600C5D8B6 /* MockResponseData.swift */ = {isa = PBXFileReference; lastKnownFileType = sourcecode.swift; path = MockResponseData.swift; sourceTree = "<group>"; };
		CA78AA78298FE93B00C5D8B6 /* FavoriteButtonView.swift */ = {isa = PBXFileReference; lastKnownFileType = sourcecode.swift; path = FavoriteButtonView.swift; sourceTree = "<group>"; };
		CA78AA7A2990E8F900C5D8B6 /* CDManager.swift */ = {isa = PBXFileReference; lastKnownFileType = sourcecode.swift; path = CDManager.swift; sourceTree = "<group>"; };
		CA78AA7D2990EAC300C5D8B6 /* MyFridgeRecipes.xcdatamodel */ = {isa = PBXFileReference; lastKnownFileType = wrapper.xcdatamodel; path = MyFridgeRecipes.xcdatamodel; sourceTree = "<group>"; };
		CA78AA7F2990EDC000C5D8B6 /* CDRecipe.swift */ = {isa = PBXFileReference; lastKnownFileType = sourcecode.swift; path = CDRecipe.swift; sourceTree = "<group>"; };
		CA78AA812990EE8C00C5D8B6 /* CDRecipesRepository.swift */ = {isa = PBXFileReference; lastKnownFileType = sourcecode.swift; path = CDRecipesRepository.swift; sourceTree = "<group>"; };
		CA78AA832990F3D300C5D8B6 /* FavoritesViewModel.swift */ = {isa = PBXFileReference; lastKnownFileType = sourcecode.swift; path = FavoritesViewModel.swift; sourceTree = "<group>"; };
		CA99F6792983C38700E5D43C /* TopBarViewModel.swift */ = {isa = PBXFileReference; lastKnownFileType = sourcecode.swift; path = TopBarViewModel.swift; sourceTree = "<group>"; };
		CA99F67D298412AB00E5D43C /* FridgeViewModel.swift */ = {isa = PBXFileReference; lastKnownFileType = sourcecode.swift; path = FridgeViewModel.swift; sourceTree = "<group>"; };
		CA99F67F298417E400E5D43C /* ButtonView.swift */ = {isa = PBXFileReference; lastKnownFileType = sourcecode.swift; path = ButtonView.swift; sourceTree = "<group>"; };
		CA99F681298419F700E5D43C /* RecipesListView.swift */ = {isa = PBXFileReference; lastKnownFileType = sourcecode.swift; path = RecipesListView.swift; sourceTree = "<group>"; };
		CA99F6832984273600E5D43C /* Recipes.json */ = {isa = PBXFileReference; lastKnownFileType = text.json; path = Recipes.json; sourceTree = "<group>"; };
		CAB5303D297EFBEA000726EF /* FavoritesView.swift */ = {isa = PBXFileReference; lastKnownFileType = sourcecode.swift; path = FavoritesView.swift; sourceTree = "<group>"; };
		CAB5303F297EFF95000726EF /* RecipeCardView.swift */ = {isa = PBXFileReference; lastKnownFileType = sourcecode.swift; path = RecipeCardView.swift; sourceTree = "<group>"; };
		CAB53041297F03D0000726EF /* SearchBarView.swift */ = {isa = PBXFileReference; lastKnownFileType = sourcecode.swift; path = SearchBarView.swift; sourceTree = "<group>"; };
		CAB53043298269DE000726EF /* IngredientSearchView.swift */ = {isa = PBXFileReference; lastKnownFileType = sourcecode.swift; path = IngredientSearchView.swift; sourceTree = "<group>"; };
		CAB5304529827599000726EF /* UIApplication+Extension.swift */ = {isa = PBXFileReference; lastKnownFileType = sourcecode.swift; path = "UIApplication+Extension.swift"; sourceTree = "<group>"; };
		CAB530492982859E000726EF /* MockData.swift */ = {isa = PBXFileReference; lastKnownFileType = sourcecode.swift; path = MockData.swift; sourceTree = "<group>"; };
		CAB5304B2982881A000726EF /* Recipe.json */ = {isa = PBXFileReference; lastKnownFileType = text.json; path = Recipe.json; sourceTree = "<group>"; };
		CAB5304D2982ABA3000726EF /* RecipeDetailsViewModel.swift */ = {isa = PBXFileReference; lastKnownFileType = sourcecode.swift; path = RecipeDetailsViewModel.swift; sourceTree = "<group>"; };
		CAB5304F2982AC22000726EF /* RecipeDetailsView.swift */ = {isa = PBXFileReference; lastKnownFileType = sourcecode.swift; path = RecipeDetailsView.swift; sourceTree = "<group>"; };
		CAB530512982C8BA000726EF /* RecipeCardViewModel.swift */ = {isa = PBXFileReference; lastKnownFileType = sourcecode.swift; path = RecipeCardViewModel.swift; sourceTree = "<group>"; };
		CAB55618298BB85A003E5F4C /* PageState.swift */ = {isa = PBXFileReference; lastKnownFileType = sourcecode.swift; path = PageState.swift; sourceTree = "<group>"; };
		CAFD13FA2996432000C4C933 /* IconAndDataView.swift */ = {isa = PBXFileReference; lastKnownFileType = sourcecode.swift; path = IconAndDataView.swift; sourceTree = "<group>"; };
/* End PBXFileReference section */

/* Begin PBXFrameworksBuildPhase section */
		CA4C1A8E297ADE3A009EDF38 /* Frameworks */ = {
			isa = PBXFrameworksBuildPhase;
			buildActionMask = 2147483647;
			files = (
				CA99F6762982F38F00E5D43C /* Kingfisher in Frameworks */,
				CA025ECE297C200F0004B340 /* Alamofire in Frameworks */,
			);
			runOnlyForDeploymentPostprocessing = 0;
		};
		CA4C1AA3297ADE3B009EDF38 /* Frameworks */ = {
			isa = PBXFrameworksBuildPhase;
			buildActionMask = 2147483647;
			files = (
				CA1308182994220500D6A5EB /* Mocker in Frameworks */,
			);
			runOnlyForDeploymentPostprocessing = 0;
		};
/* End PBXFrameworksBuildPhase section */

/* Begin PBXGroup section */
		CA05847F29A138CA00DE2062 /* Custom Modifiers */ = {
			isa = PBXGroup;
			children = (
				CA5CAF62299F86BA00DBB57C /* BlinkViewModifier.swift */,
			);
			path = "Custom Modifiers";
			sourceTree = "<group>";
		};
		CA05848029A1411900DE2062 /* Mock */ = {
			isa = PBXGroup;
			children = (
				CA78AA72298D5F9600C5D8B6 /* MockResponseData.swift */,
				CA13082229950A8C00D6A5EB /* MockAPIManager.swift */,
				CA26941D29A36F5E00ADA388 /* MockCDManager.swift */,
			);
			path = Mock;
			sourceTree = "<group>";
		};
		CA0FF6F9297AE04100408598 /* PreviewContent */ = {
			isa = PBXGroup;
			children = (
				CA26941129A2443800ADA388 /* MockData */,
				CA0FF6F7297AE03900408598 /* Preview Assets.xcassets */,
			);
			path = PreviewContent;
			sourceTree = "<group>";
		};
		CA0FF6FA297AE07C00408598 /* Project components */ = {
			isa = PBXGroup;
			children = (
				CA5CAF5C299EB0D600DBB57C /* TopBarView.swift */,
				CAB5303F297EFF95000726EF /* RecipeCardView.swift */,
				CA99F681298419F700E5D43C /* RecipesListView.swift */,
				CA5CAF60299F720400DBB57C /* OnBoardingButtonView.swift */,
			);
			path = "Project components";
			sourceTree = "<group>";
		};
		CA0FF6FB297AE0A600408598 /* Fonts */ = {
			isa = PBXGroup;
			children = (
			);
			path = Fonts;
			sourceTree = "<group>";
		};
		CA0FF6FC297AE0AF00408598 /* Localizables */ = {
			isa = PBXGroup;
			children = (
				CA025EC4297AF7F60004B340 /* InfoPlist.strings */,
				CA025ECA297AF8F50004B340 /* Localizable.strings */,
			);
			path = Localizables;
			sourceTree = "<group>";
		};
		CA0FF6FD297AE0B900408598 /* Protocols */ = {
			isa = PBXGroup;
			children = (
			);
			path = Protocols;
			sourceTree = "<group>";
		};
		CA0FF6FE297AE0C100408598 /* Extensions */ = {
			isa = PBXGroup;
			children = (
				CA025EB9297AF2A10004B340 /* String+Extension.swift */,
				CAB5304529827599000726EF /* UIApplication+Extension.swift */,
				CA1308192994F2AD00D6A5EB /* AFError+Extension.swift */,
			);
			path = Extensions;
			sourceTree = "<group>";
		};
		CA13081B2994FB7E00D6A5EB /* Frameworks */ = {
			isa = PBXGroup;
			children = (
			);
			name = Frameworks;
			sourceTree = "<group>";
		};
		CA26941129A2443800ADA388 /* MockData */ = {
			isa = PBXGroup;
			children = (
				CAB530492982859E000726EF /* MockData.swift */,
				CAB5304B2982881A000726EF /* Recipe.json */,
				CA99F6832984273600E5D43C /* Recipes.json */,
			);
			path = MockData;
			sourceTree = "<group>";
		};
		CA26941429A2784000ADA388 /* Generic components */ = {
			isa = PBXGroup;
			children = (
				CA025EE6297EEBA00004B340 /* ErrorView.swift */,
				CA78AA78298FE93B00C5D8B6 /* FavoriteButtonView.swift */,
				CA99F67F298417E400E5D43C /* ButtonView.swift */,
				CAB53041297F03D0000726EF /* SearchBarView.swift */,
				CAFD13FA2996432000C4C933 /* IconAndDataView.swift */,
			);
			path = "Generic components";
			sourceTree = "<group>";
		};
		CA4C1A88297ADE3A009EDF38 = {
			isa = PBXGroup;
			children = (
				CA4C1A93297ADE3A009EDF38 /* MyFridgeRecipes */,
				CA4C1AA9297ADE3B009EDF38 /* MyFridgeRecipesTests */,
				CA4C1A92297ADE3A009EDF38 /* Products */,
				CA13081B2994FB7E00D6A5EB /* Frameworks */,
			);
			sourceTree = "<group>";
		};
		CA4C1A92297ADE3A009EDF38 /* Products */ = {
			isa = PBXGroup;
			children = (
				CA4C1A91297ADE3A009EDF38 /* MyFridgeRecipes.app */,
				CA4C1AA6297ADE3B009EDF38 /* MyFridgeRecipesTests.xctest */,
			);
			name = Products;
			sourceTree = "<group>";
		};
		CA4C1A93297ADE3A009EDF38 /* MyFridgeRecipes */ = {
			isa = PBXGroup;
			children = (
				CA5CAF59299CDD0900DBB57C /* Info.plist */,
				CA4C1A94297ADE3A009EDF38 /* MyFridgeRecipesApp.swift */,
				CA4C1AC7297ADEED009EDF38 /* Services */,
				CA4C1AC3297ADE79009EDF38 /* Models */,
				CA4C1AC4297ADE7E009EDF38 /* ViewModels */,
				CA4C1AC5297ADEA9009EDF38 /* Views */,
				CA4C1AC6297ADEB1009EDF38 /* SupportingFiles */,
			);
			path = MyFridgeRecipes;
			sourceTree = "<group>";
		};
		CA4C1AA9297ADE3B009EDF38 /* MyFridgeRecipesTests */ = {
			isa = PBXGroup;
			children = (
				CA05848029A1411900DE2062 /* Mock */,
				CA26942129A4FCB900ADA388 /* CDRecipesRepositoryTests.swift */,
				CA4C1AAA297ADE3B009EDF38 /* APIManagerTests.swift */,
				CA26941729A35E0000ADA388 /* TopBarViewModelTests.swift */,
				CA13081E299507ED00D6A5EB /* HomeViewModelTests.swift */,
				CA26941529A29E8900ADA388 /* FridgeViewModelTests.swift */,
				CA26941929A3670700ADA388 /* FavoritesViewModelTests.swift */,
				CA26941F29A4F51800ADA388 /* RecipeDetailsViewModelTests.swift */,
			);
			path = MyFridgeRecipesTests;
			sourceTree = "<group>";
		};
		CA4C1AC3297ADE79009EDF38 /* Models */ = {
			isa = PBXGroup;
			children = (
				CA4C1AC8297ADF1B009EDF38 /* CoreData */,
				CA025EBB297AF3B50004B340 /* Language.swift */,
				CA025EDE297C59B60004B340 /* Recipes.swift */,
				CA025EE4297EEAFC0004B340 /* ErrorManager.swift */,
				CAB55618298BB85A003E5F4C /* PageState.swift */,
				CA05847D29A117F500DE2062 /* AppStorageKeys.swift */,
				CA26941229A26A2C00ADA388 /* ActionType.swift */,
			);
			path = Models;
			sourceTree = "<group>";
		};
		CA4C1AC4297ADE7E009EDF38 /* ViewModels */ = {
			isa = PBXGroup;
			children = (
				CA99F6792983C38700E5D43C /* TopBarViewModel.swift */,
				CA025ED1297C36880004B340 /* HomeViewModel.swift */,
				CA99F67D298412AB00E5D43C /* FridgeViewModel.swift */,
				CA78AA832990F3D300C5D8B6 /* FavoritesViewModel.swift */,
				CAB530512982C8BA000726EF /* RecipeCardViewModel.swift */,
				CAB5304D2982ABA3000726EF /* RecipeDetailsViewModel.swift */,
			);
			path = ViewModels;
			sourceTree = "<group>";
		};
		CA4C1AC5297ADEA9009EDF38 /* Views */ = {
			isa = PBXGroup;
			children = (
				CA5CAF5E299F650E00DBB57C /* OnBoardingView.swift */,
				CA025EEE297EF7EE0004B340 /* MyTabView.swift */,
				CA4C1A96297ADE3A009EDF38 /* HomeView.swift */,
				CA025EE8297EF2DB0004B340 /* FridgeView.swift */,
				CAB5303D297EFBEA000726EF /* FavoritesView.swift */,
				CAB5304F2982AC22000726EF /* RecipeDetailsView.swift */,
				CAB53043298269DE000726EF /* IngredientSearchView.swift */,
				CA0FF6FA297AE07C00408598 /* Project components */,
				CA26941429A2784000ADA388 /* Generic components */,
			);
			path = Views;
			sourceTree = "<group>";
		};
		CA4C1AC6297ADEB1009EDF38 /* SupportingFiles */ = {
			isa = PBXGroup;
			children = (
				CA05847F29A138CA00DE2062 /* Custom Modifiers */,
				CA5CAF56299CD65E00DBB57C /* Helpers */,
				CA0FF6FE297AE0C100408598 /* Extensions */,
				CA0FF6FD297AE0B900408598 /* Protocols */,
				CA0FF6FC297AE0AF00408598 /* Localizables */,
				CA0FF6FB297AE0A600408598 /* Fonts */,
				CA0FF6F9297AE04100408598 /* PreviewContent */,
				CA4C1A98297ADE3B009EDF38 /* Assets.xcassets */,
			);
			path = SupportingFiles;
			sourceTree = "<group>";
		};
		CA4C1AC7297ADEED009EDF38 /* Services */ = {
			isa = PBXGroup;
			children = (
				CA0FF701297AE22C00408598 /* APIKeys.swift */,
				CA025ED4297C4FC20004B340 /* APIManager.swift */,
				CA130820299509AE00D6A5EB /* APIManager+Protocol.swift */,
				CA025ED6297C500E0004B340 /* APINetworkLogger.swift */,
				CA025ED8297C50250004B340 /* APIRequestInterceptor.swift */,
				CA025EDA297C50390004B340 /* APIRouter.swift */,
				CA0FF703297AE23900408598 /* SnakeCaseJSONDecoder.swift */,
			);
			path = Services;
			sourceTree = "<group>";
		};
		CA4C1AC8297ADF1B009EDF38 /* CoreData */ = {
			isa = PBXGroup;
			children = (
				CA78AA7A2990E8F900C5D8B6 /* CDManager.swift */,
				CA78AA7C2990EAC300C5D8B6 /* MyFridgeRecipes.xcdatamodeld */,
				CA78AA7F2990EDC000C5D8B6 /* CDRecipe.swift */,
				CA78AA812990EE8C00C5D8B6 /* CDRecipesRepository.swift */,
				CA26941B29A36D8C00ADA388 /* CDManager+Protocol.swift */,
			);
			path = CoreData;
			sourceTree = "<group>";
		};
		CA5CAF56299CD65E00DBB57C /* Helpers */ = {
			isa = PBXGroup;
			children = (
				CA5CAF57299CD68A00DBB57C /* ShareButton.swift */,
			);
			path = Helpers;
			sourceTree = "<group>";
		};
/* End PBXGroup section */

/* Begin PBXNativeTarget section */
		CA4C1A90297ADE3A009EDF38 /* MyFridgeRecipes */ = {
			isa = PBXNativeTarget;
			buildConfigurationList = CA4C1ABA297ADE3B009EDF38 /* Build configuration list for PBXNativeTarget "MyFridgeRecipes" */;
			buildPhases = (
				CA4C1A8D297ADE3A009EDF38 /* Sources */,
				CA4C1A8E297ADE3A009EDF38 /* Frameworks */,
				CA4C1A8F297ADE3A009EDF38 /* Resources */,
				CA025EBF297AF4D30004B340 /* ShellScript */,
			);
			buildRules = (
			);
			dependencies = (
			);
			name = MyFridgeRecipes;
			packageProductDependencies = (
				CA025ECD297C200F0004B340 /* Alamofire */,
				CA99F6752982F38F00E5D43C /* Kingfisher */,
			);
			productName = "My fridge recipes";
			productReference = CA4C1A91297ADE3A009EDF38 /* MyFridgeRecipes.app */;
			productType = "com.apple.product-type.application";
		};
		CA4C1AA5297ADE3B009EDF38 /* MyFridgeRecipesTests */ = {
			isa = PBXNativeTarget;
			buildConfigurationList = CA4C1ABD297ADE3B009EDF38 /* Build configuration list for PBXNativeTarget "MyFridgeRecipesTests" */;
			buildPhases = (
				CA4C1AA2297ADE3B009EDF38 /* Sources */,
				CA4C1AA3297ADE3B009EDF38 /* Frameworks */,
				CA4C1AA4297ADE3B009EDF38 /* Resources */,
			);
			buildRules = (
			);
			dependencies = (
				CA4C1AA8297ADE3B009EDF38 /* PBXTargetDependency */,
			);
			name = MyFridgeRecipesTests;
			packageProductDependencies = (
				CA1308172994220500D6A5EB /* Mocker */,
			);
			productName = "My fridge recipesTests";
			productReference = CA4C1AA6297ADE3B009EDF38 /* MyFridgeRecipesTests.xctest */;
			productType = "com.apple.product-type.bundle.unit-test";
		};
/* End PBXNativeTarget section */

/* Begin PBXProject section */
		CA4C1A89297ADE3A009EDF38 /* Project object */ = {
			isa = PBXProject;
			attributes = {
				BuildIndependentTargetsInParallel = 1;
				LastSwiftUpdateCheck = 1420;
				LastUpgradeCheck = 1420;
				TargetAttributes = {
					CA4C1A90297ADE3A009EDF38 = {
						CreatedOnToolsVersion = 14.2;
					};
					CA4C1AA5297ADE3B009EDF38 = {
						CreatedOnToolsVersion = 14.2;
						TestTargetID = CA4C1A90297ADE3A009EDF38;
					};
				};
			};
			buildConfigurationList = CA4C1A8C297ADE3A009EDF38 /* Build configuration list for PBXProject "MyFridgeRecipes" */;
			compatibilityVersion = "Xcode 14.0";
			developmentRegion = en;
			hasScannedForEncodings = 0;
			knownRegions = (
				en,
				Base,
				fr,
			);
			mainGroup = CA4C1A88297ADE3A009EDF38;
			packageReferences = (
				CA025ECC297C200F0004B340 /* XCRemoteSwiftPackageReference "Alamofire" */,
				CA99F6742982F38F00E5D43C /* XCRemoteSwiftPackageReference "Kingfisher" */,
				CA1308162994220500D6A5EB /* XCRemoteSwiftPackageReference "Mocker" */,
			);
			productRefGroup = CA4C1A92297ADE3A009EDF38 /* Products */;
			projectDirPath = "";
			projectRoot = "";
			targets = (
				CA4C1A90297ADE3A009EDF38 /* MyFridgeRecipes */,
				CA4C1AA5297ADE3B009EDF38 /* MyFridgeRecipesTests */,
			);
		};
/* End PBXProject section */

/* Begin PBXResourcesBuildPhase section */
		CA4C1A8F297ADE3A009EDF38 /* Resources */ = {
			isa = PBXResourcesBuildPhase;
			buildActionMask = 2147483647;
			files = (
				CA0FF6F8297AE03900408598 /* Preview Assets.xcassets in Resources */,
				CA99F68429842B4A00E5D43C /* Recipes.json in Resources */,
				CA025EC8297AF8F50004B340 /* Localizable.strings in Resources */,
				CA025EC2297AF7F60004B340 /* InfoPlist.strings in Resources */,
				CA4C1A99297ADE3B009EDF38 /* Assets.xcassets in Resources */,
				CAB5304C29828983000726EF /* Recipe.json in Resources */,
			);
			runOnlyForDeploymentPostprocessing = 0;
		};
		CA4C1AA4297ADE3B009EDF38 /* Resources */ = {
			isa = PBXResourcesBuildPhase;
			buildActionMask = 2147483647;
			files = (
				CA05848229A2401C00DE2062 /* Recipes.json in Resources */,
				CA05848129A2401900DE2062 /* Recipe.json in Resources */,
			);
			runOnlyForDeploymentPostprocessing = 0;
		};
/* End PBXResourcesBuildPhase section */

/* Begin PBXShellScriptBuildPhase section */
		CA025EBF297AF4D30004B340 /* ShellScript */ = {
			isa = PBXShellScriptBuildPhase;
			alwaysOutOfDate = 1;
			buildActionMask = 2147483647;
			files = (
			);
			inputFileListPaths = (
			);
			inputPaths = (
			);
			outputFileListPaths = (
			);
			outputPaths = (
			);
			runOnlyForDeploymentPostprocessing = 0;
			shellPath = /bin/sh;
			shellScript = "export PATH=\"$PATH:/opt/homebrew/bin\"\nif which swiftlint > /dev/null; then\n  swiftlint\nelse\n  echo \"warning: SwiftLint not installed, download from https://github.com/realm/SwiftLint\"\nfi\n";
		};
/* End PBXShellScriptBuildPhase section */

/* Begin PBXSourcesBuildPhase section */
		CA4C1A8D297ADE3A009EDF38 /* Sources */ = {
			isa = PBXSourcesBuildPhase;
			buildActionMask = 2147483647;
			files = (
				CA025ED7297C500E0004B340 /* APINetworkLogger.swift in Sources */,
				CA025EE9297EF2DB0004B340 /* FridgeView.swift in Sources */,
				CA025EE7297EEBA00004B340 /* ErrorView.swift in Sources */,
				CA5CAF5F299F650E00DBB57C /* OnBoardingView.swift in Sources */,
				CA99F680298417E400E5D43C /* ButtonView.swift in Sources */,
				CAB5304629827599000726EF /* UIApplication+Extension.swift in Sources */,
				CA78AA802990EDC000C5D8B6 /* CDRecipe.swift in Sources */,
				CA99F67A2983C38700E5D43C /* TopBarViewModel.swift in Sources */,
				CAB53042297F03D0000726EF /* SearchBarView.swift in Sources */,
				CA5CAF61299F720400DBB57C /* OnBoardingButtonView.swift in Sources */,
				CA025EEF297EF7EE0004B340 /* MyTabView.swift in Sources */,
				CA78AA822990EE8C00C5D8B6 /* CDRecipesRepository.swift in Sources */,
				CAB530502982AC22000726EF /* RecipeDetailsView.swift in Sources */,
				CA05847E29A117F500DE2062 /* AppStorageKeys.swift in Sources */,
				CA025EBA297AF2A10004B340 /* String+Extension.swift in Sources */,
				CA78AA842990F3D300C5D8B6 /* FavoritesViewModel.swift in Sources */,
				CA5CAF58299CD68A00DBB57C /* ShareButton.swift in Sources */,
				CA025EBC297AF3B50004B340 /* Language.swift in Sources */,
				CA025EDF297C59B60004B340 /* Recipes.swift in Sources */,
				CA025ED9297C50250004B340 /* APIRequestInterceptor.swift in Sources */,
				CA025EDB297C50390004B340 /* APIRouter.swift in Sources */,
				CA5CAF5D299EB0D600DBB57C /* TopBarView.swift in Sources */,
				CA78AA7B2990E8F900C5D8B6 /* CDManager.swift in Sources */,
				CAB53044298269DE000726EF /* IngredientSearchView.swift in Sources */,
				CA26941C29A36D8C00ADA388 /* CDManager+Protocol.swift in Sources */,
				CAB5304A2982859E000726EF /* MockData.swift in Sources */,
				CA4C1A97297ADE3A009EDF38 /* HomeView.swift in Sources */,
				CAB55619298BB85A003E5F4C /* PageState.swift in Sources */,
				CAFD13FB2996432000C4C933 /* IconAndDataView.swift in Sources */,
				CA025EE5297EEAFC0004B340 /* ErrorManager.swift in Sources */,
				CAB5304E2982ABA3000726EF /* RecipeDetailsViewModel.swift in Sources */,
				CA78AA7E2990EAC300C5D8B6 /* MyFridgeRecipes.xcdatamodeld in Sources */,
				CA78AA79298FE93B00C5D8B6 /* FavoriteButtonView.swift in Sources */,
				CA13081A2994F2AD00D6A5EB /* AFError+Extension.swift in Sources */,
				CA025ED2297C36880004B340 /* HomeViewModel.swift in Sources */,
				CA5CAF63299F86BA00DBB57C /* BlinkViewModifier.swift in Sources */,
				CA025ED5297C4FC20004B340 /* APIManager.swift in Sources */,
				CAB5303E297EFBEA000726EF /* FavoritesView.swift in Sources */,
				CA0FF704297AE23900408598 /* SnakeCaseJSONDecoder.swift in Sources */,
				CA99F67E298412AB00E5D43C /* FridgeViewModel.swift in Sources */,
				CAB53040297EFF95000726EF /* RecipeCardView.swift in Sources */,
				CAB530522982C8BA000726EF /* RecipeCardViewModel.swift in Sources */,
				CA0FF702297AE22C00408598 /* APIKeys.swift in Sources */,
				CA130821299509AE00D6A5EB /* APIManager+Protocol.swift in Sources */,
				CA26941329A26A2C00ADA388 /* ActionType.swift in Sources */,
				CA99F682298419F700E5D43C /* RecipesListView.swift in Sources */,
				CA4C1A95297ADE3A009EDF38 /* MyFridgeRecipesApp.swift in Sources */,
			);
			runOnlyForDeploymentPostprocessing = 0;
		};
		CA4C1AA2297ADE3B009EDF38 /* Sources */ = {
			isa = PBXSourcesBuildPhase;
			buildActionMask = 2147483647;
			files = (
				CA4C1AAB297ADE3B009EDF38 /* APIManagerTests.swift in Sources */,
				CA26941629A29E8900ADA388 /* FridgeViewModelTests.swift in Sources */,
				CA26941E29A36F5E00ADA388 /* MockCDManager.swift in Sources */,
				CA26942029A4F51800ADA388 /* RecipeDetailsViewModelTests.swift in Sources */,
				CA26941829A35E0000ADA388 /* TopBarViewModelTests.swift in Sources */,
				CA78AA73298D5F9600C5D8B6 /* MockResponseData.swift in Sources */,
				CA26942229A4FCB900ADA388 /* CDRecipesRepositoryTests.swift in Sources */,
				CA13082329950A8C00D6A5EB /* MockAPIManager.swift in Sources */,
				CA13081F299507ED00D6A5EB /* HomeViewModelTests.swift in Sources */,
				CA26941A29A3670700ADA388 /* FavoritesViewModelTests.swift in Sources */,
			);
			runOnlyForDeploymentPostprocessing = 0;
		};
/* End PBXSourcesBuildPhase section */

/* Begin PBXTargetDependency section */
		CA4C1AA8297ADE3B009EDF38 /* PBXTargetDependency */ = {
			isa = PBXTargetDependency;
			target = CA4C1A90297ADE3A009EDF38 /* MyFridgeRecipes */;
			targetProxy = CA4C1AA7297ADE3B009EDF38 /* PBXContainerItemProxy */;
		};
/* End PBXTargetDependency section */

/* Begin PBXVariantGroup section */
		CA025EC4297AF7F60004B340 /* InfoPlist.strings */ = {
			isa = PBXVariantGroup;
			children = (
				CA025EC3297AF7F60004B340 /* en */,
				CA025EC5297AF87B0004B340 /* fr */,
			);
			name = InfoPlist.strings;
			sourceTree = "<group>";
		};
		CA025ECA297AF8F50004B340 /* Localizable.strings */ = {
			isa = PBXVariantGroup;
			children = (
				CA025EC9297AF8F50004B340 /* en */,
				CA025ECB297AF8F80004B340 /* fr */,
			);
			name = Localizable.strings;
			sourceTree = "<group>";
		};
/* End PBXVariantGroup section */

/* Begin XCBuildConfiguration section */
		CA4C1AB8297ADE3B009EDF38 /* Debug */ = {
			isa = XCBuildConfiguration;
			buildSettings = {
				ALWAYS_SEARCH_USER_PATHS = NO;
				CLANG_ANALYZER_LOCALIZABILITY_NONLOCALIZED = YES;
				CLANG_ANALYZER_NONNULL = YES;
				CLANG_ANALYZER_NUMBER_OBJECT_CONVERSION = YES_AGGRESSIVE;
				CLANG_CXX_LANGUAGE_STANDARD = "gnu++20";
				CLANG_ENABLE_MODULES = YES;
				CLANG_ENABLE_OBJC_ARC = YES;
				CLANG_ENABLE_OBJC_WEAK = YES;
				CLANG_WARN_BLOCK_CAPTURE_AUTORELEASING = YES;
				CLANG_WARN_BOOL_CONVERSION = YES;
				CLANG_WARN_COMMA = YES;
				CLANG_WARN_CONSTANT_CONVERSION = YES;
				CLANG_WARN_DEPRECATED_OBJC_IMPLEMENTATIONS = YES;
				CLANG_WARN_DIRECT_OBJC_ISA_USAGE = YES_ERROR;
				CLANG_WARN_DOCUMENTATION_COMMENTS = YES;
				CLANG_WARN_EMPTY_BODY = YES;
				CLANG_WARN_ENUM_CONVERSION = YES;
				CLANG_WARN_INFINITE_RECURSION = YES;
				CLANG_WARN_INT_CONVERSION = YES;
				CLANG_WARN_NON_LITERAL_NULL_CONVERSION = YES;
				CLANG_WARN_OBJC_IMPLICIT_RETAIN_SELF = YES;
				CLANG_WARN_OBJC_LITERAL_CONVERSION = YES;
				CLANG_WARN_OBJC_ROOT_CLASS = YES_ERROR;
				CLANG_WARN_QUOTED_INCLUDE_IN_FRAMEWORK_HEADER = YES;
				CLANG_WARN_RANGE_LOOP_ANALYSIS = YES;
				CLANG_WARN_STRICT_PROTOTYPES = YES;
				CLANG_WARN_SUSPICIOUS_MOVE = YES;
				CLANG_WARN_UNGUARDED_AVAILABILITY = YES_AGGRESSIVE;
				CLANG_WARN_UNREACHABLE_CODE = YES;
				CLANG_WARN__DUPLICATE_METHOD_MATCH = YES;
				COPY_PHASE_STRIP = NO;
				DEBUG_INFORMATION_FORMAT = dwarf;
				ENABLE_STRICT_OBJC_MSGSEND = YES;
				ENABLE_TESTABILITY = YES;
				GCC_C_LANGUAGE_STANDARD = gnu11;
				GCC_DYNAMIC_NO_PIC = NO;
				GCC_NO_COMMON_BLOCKS = YES;
				GCC_OPTIMIZATION_LEVEL = 0;
				GCC_PREPROCESSOR_DEFINITIONS = (
					"DEBUG=1",
					"$(inherited)",
				);
				GCC_WARN_64_TO_32_BIT_CONVERSION = YES;
				GCC_WARN_ABOUT_RETURN_TYPE = YES_ERROR;
				GCC_WARN_UNDECLARED_SELECTOR = YES;
				GCC_WARN_UNINITIALIZED_AUTOS = YES_AGGRESSIVE;
				GCC_WARN_UNUSED_FUNCTION = YES;
				GCC_WARN_UNUSED_VARIABLE = YES;
				IPHONEOS_DEPLOYMENT_TARGET = 14.0;
				MTL_ENABLE_DEBUG_INFO = INCLUDE_SOURCE;
				MTL_FAST_MATH = YES;
				ONLY_ACTIVE_ARCH = YES;
				SDKROOT = iphoneos;
				SWIFT_ACTIVE_COMPILATION_CONDITIONS = DEBUG;
				SWIFT_OPTIMIZATION_LEVEL = "-Onone";
			};
			name = Debug;
		};
		CA4C1AB9297ADE3B009EDF38 /* Release */ = {
			isa = XCBuildConfiguration;
			buildSettings = {
				ALWAYS_SEARCH_USER_PATHS = NO;
				CLANG_ANALYZER_LOCALIZABILITY_NONLOCALIZED = YES;
				CLANG_ANALYZER_NONNULL = YES;
				CLANG_ANALYZER_NUMBER_OBJECT_CONVERSION = YES_AGGRESSIVE;
				CLANG_CXX_LANGUAGE_STANDARD = "gnu++20";
				CLANG_ENABLE_MODULES = YES;
				CLANG_ENABLE_OBJC_ARC = YES;
				CLANG_ENABLE_OBJC_WEAK = YES;
				CLANG_WARN_BLOCK_CAPTURE_AUTORELEASING = YES;
				CLANG_WARN_BOOL_CONVERSION = YES;
				CLANG_WARN_COMMA = YES;
				CLANG_WARN_CONSTANT_CONVERSION = YES;
				CLANG_WARN_DEPRECATED_OBJC_IMPLEMENTATIONS = YES;
				CLANG_WARN_DIRECT_OBJC_ISA_USAGE = YES_ERROR;
				CLANG_WARN_DOCUMENTATION_COMMENTS = YES;
				CLANG_WARN_EMPTY_BODY = YES;
				CLANG_WARN_ENUM_CONVERSION = YES;
				CLANG_WARN_INFINITE_RECURSION = YES;
				CLANG_WARN_INT_CONVERSION = YES;
				CLANG_WARN_NON_LITERAL_NULL_CONVERSION = YES;
				CLANG_WARN_OBJC_IMPLICIT_RETAIN_SELF = YES;
				CLANG_WARN_OBJC_LITERAL_CONVERSION = YES;
				CLANG_WARN_OBJC_ROOT_CLASS = YES_ERROR;
				CLANG_WARN_QUOTED_INCLUDE_IN_FRAMEWORK_HEADER = YES;
				CLANG_WARN_RANGE_LOOP_ANALYSIS = YES;
				CLANG_WARN_STRICT_PROTOTYPES = YES;
				CLANG_WARN_SUSPICIOUS_MOVE = YES;
				CLANG_WARN_UNGUARDED_AVAILABILITY = YES_AGGRESSIVE;
				CLANG_WARN_UNREACHABLE_CODE = YES;
				CLANG_WARN__DUPLICATE_METHOD_MATCH = YES;
				COPY_PHASE_STRIP = NO;
				DEBUG_INFORMATION_FORMAT = "dwarf-with-dsym";
				ENABLE_NS_ASSERTIONS = NO;
				ENABLE_STRICT_OBJC_MSGSEND = YES;
				GCC_C_LANGUAGE_STANDARD = gnu11;
				GCC_NO_COMMON_BLOCKS = YES;
				GCC_WARN_64_TO_32_BIT_CONVERSION = YES;
				GCC_WARN_ABOUT_RETURN_TYPE = YES_ERROR;
				GCC_WARN_UNDECLARED_SELECTOR = YES;
				GCC_WARN_UNINITIALIZED_AUTOS = YES_AGGRESSIVE;
				GCC_WARN_UNUSED_FUNCTION = YES;
				GCC_WARN_UNUSED_VARIABLE = YES;
				IPHONEOS_DEPLOYMENT_TARGET = 14.0;
				MTL_ENABLE_DEBUG_INFO = NO;
				MTL_FAST_MATH = YES;
				SDKROOT = iphoneos;
				SWIFT_COMPILATION_MODE = wholemodule;
				SWIFT_OPTIMIZATION_LEVEL = "-O";
				VALIDATE_PRODUCT = YES;
			};
			name = Release;
		};
		CA4C1ABB297ADE3B009EDF38 /* Debug */ = {
			isa = XCBuildConfiguration;
			buildSettings = {
				ASSETCATALOG_COMPILER_APPICON_NAME = AppIcon;
				ASSETCATALOG_COMPILER_GLOBAL_ACCENT_COLOR_NAME = AccentColor;
				CODE_SIGN_STYLE = Automatic;
				CURRENT_PROJECT_VERSION = 1;
				DEVELOPMENT_ASSET_PATHS = MyFridgeRecipes/SupportingFiles/PreviewContent;
				DEVELOPMENT_TEAM = 3SQYF6L285;
				ENABLE_PREVIEWS = YES;
				GENERATE_INFOPLIST_FILE = YES;
				INFOPLIST_FILE = MyFridgeRecipes/Info.plist;
				INFOPLIST_KEY_LSApplicationCategoryType = "public.app-category.food-and-drink";
				INFOPLIST_KEY_UIApplicationSupportsIndirectInputEvents = YES;
				INFOPLIST_KEY_UILaunchScreen_Generation = YES;
				INFOPLIST_KEY_UIRequiresFullScreen = NO;
				INFOPLIST_KEY_UISupportedInterfaceOrientations = "UIInterfaceOrientationPortrait UIInterfaceOrientationPortraitUpsideDown";
				IPHONEOS_DEPLOYMENT_TARGET = 14.0;
				LD_RUNPATH_SEARCH_PATHS = (
					"$(inherited)",
					"@executable_path/Frameworks",
				);
				MARKETING_VERSION = 1.0;
				PRODUCT_BUNDLE_IDENTIFIER = "com.maximepoint.My-fridge-recipes";
				PRODUCT_NAME = "$(TARGET_NAME)";
				SWIFT_EMIT_LOC_STRINGS = YES;
				SWIFT_VERSION = 5.0;
				TARGETED_DEVICE_FAMILY = "1,2";
			};
			name = Debug;
		};
		CA4C1ABC297ADE3B009EDF38 /* Release */ = {
			isa = XCBuildConfiguration;
			buildSettings = {
				ASSETCATALOG_COMPILER_APPICON_NAME = AppIcon;
				ASSETCATALOG_COMPILER_GLOBAL_ACCENT_COLOR_NAME = AccentColor;
				CODE_SIGN_STYLE = Automatic;
				CURRENT_PROJECT_VERSION = 1;
				DEVELOPMENT_ASSET_PATHS = MyFridgeRecipes/SupportingFiles/PreviewContent;
				DEVELOPMENT_TEAM = 3SQYF6L285;
				ENABLE_PREVIEWS = YES;
				GENERATE_INFOPLIST_FILE = YES;
				INFOPLIST_FILE = MyFridgeRecipes/Info.plist;
				INFOPLIST_KEY_LSApplicationCategoryType = "public.app-category.food-and-drink";
				INFOPLIST_KEY_UIApplicationSupportsIndirectInputEvents = YES;
				INFOPLIST_KEY_UILaunchScreen_Generation = YES;
				INFOPLIST_KEY_UIRequiresFullScreen = NO;
				INFOPLIST_KEY_UISupportedInterfaceOrientations = "UIInterfaceOrientationPortrait UIInterfaceOrientationPortraitUpsideDown";
				IPHONEOS_DEPLOYMENT_TARGET = 14.0;
				LD_RUNPATH_SEARCH_PATHS = (
					"$(inherited)",
					"@executable_path/Frameworks",
				);
				MARKETING_VERSION = 1.0;
				PRODUCT_BUNDLE_IDENTIFIER = "com.maximepoint.My-fridge-recipes";
				PRODUCT_NAME = "$(TARGET_NAME)";
				SWIFT_EMIT_LOC_STRINGS = YES;
				SWIFT_VERSION = 5.0;
				TARGETED_DEVICE_FAMILY = "1,2";
			};
			name = Release;
		};
		CA4C1ABE297ADE3B009EDF38 /* Debug */ = {
			isa = XCBuildConfiguration;
			buildSettings = {
				ALWAYS_EMBED_SWIFT_STANDARD_LIBRARIES = YES;
				BUNDLE_LOADER = "$(TEST_HOST)";
				CODE_SIGN_STYLE = Automatic;
				CURRENT_PROJECT_VERSION = 1;
				DEVELOPMENT_TEAM = 3SQYF6L285;
				GENERATE_INFOPLIST_FILE = YES;
				IPHONEOS_DEPLOYMENT_TARGET = 16.2;
				MARKETING_VERSION = 1.0;
				PRODUCT_BUNDLE_IDENTIFIER = "com.maximepoint.My-fridge-recipesTests";
				PRODUCT_NAME = "$(TARGET_NAME)";
				SWIFT_EMIT_LOC_STRINGS = NO;
				SWIFT_VERSION = 5.0;
				TARGETED_DEVICE_FAMILY = "1,2";
				TEST_HOST = "$(BUILT_PRODUCTS_DIR)/MyFridgeRecipes.app/$(BUNDLE_EXECUTABLE_FOLDER_PATH)/MyFridgeRecipes";
			};
			name = Debug;
		};
		CA4C1ABF297ADE3B009EDF38 /* Release */ = {
			isa = XCBuildConfiguration;
			buildSettings = {
				ALWAYS_EMBED_SWIFT_STANDARD_LIBRARIES = YES;
				BUNDLE_LOADER = "$(TEST_HOST)";
				CODE_SIGN_STYLE = Automatic;
				CURRENT_PROJECT_VERSION = 1;
				DEVELOPMENT_TEAM = 3SQYF6L285;
				GENERATE_INFOPLIST_FILE = YES;
				IPHONEOS_DEPLOYMENT_TARGET = 16.2;
				MARKETING_VERSION = 1.0;
				PRODUCT_BUNDLE_IDENTIFIER = "com.maximepoint.My-fridge-recipesTests";
				PRODUCT_NAME = "$(TARGET_NAME)";
				SWIFT_EMIT_LOC_STRINGS = NO;
				SWIFT_VERSION = 5.0;
				TARGETED_DEVICE_FAMILY = "1,2";
				TEST_HOST = "$(BUILT_PRODUCTS_DIR)/MyFridgeRecipes.app/$(BUNDLE_EXECUTABLE_FOLDER_PATH)/MyFridgeRecipes";
			};
			name = Release;
		};
/* End XCBuildConfiguration section */

/* Begin XCConfigurationList section */
		CA4C1A8C297ADE3A009EDF38 /* Build configuration list for PBXProject "MyFridgeRecipes" */ = {
			isa = XCConfigurationList;
			buildConfigurations = (
				CA4C1AB8297ADE3B009EDF38 /* Debug */,
				CA4C1AB9297ADE3B009EDF38 /* Release */,
			);
			defaultConfigurationIsVisible = 0;
			defaultConfigurationName = Release;
		};
		CA4C1ABA297ADE3B009EDF38 /* Build configuration list for PBXNativeTarget "MyFridgeRecipes" */ = {
			isa = XCConfigurationList;
			buildConfigurations = (
				CA4C1ABB297ADE3B009EDF38 /* Debug */,
				CA4C1ABC297ADE3B009EDF38 /* Release */,
			);
			defaultConfigurationIsVisible = 0;
			defaultConfigurationName = Release;
		};
		CA4C1ABD297ADE3B009EDF38 /* Build configuration list for PBXNativeTarget "MyFridgeRecipesTests" */ = {
			isa = XCConfigurationList;
			buildConfigurations = (
				CA4C1ABE297ADE3B009EDF38 /* Debug */,
				CA4C1ABF297ADE3B009EDF38 /* Release */,
			);
			defaultConfigurationIsVisible = 0;
			defaultConfigurationName = Release;
		};
/* End XCConfigurationList section */

/* Begin XCRemoteSwiftPackageReference section */
		CA025ECC297C200F0004B340 /* XCRemoteSwiftPackageReference "Alamofire" */ = {
			isa = XCRemoteSwiftPackageReference;
			repositoryURL = "https://github.com/Alamofire/Alamofire.git";
			requirement = {
				kind = upToNextMinorVersion;
				minimumVersion = 5.6.0;
			};
		};
		CA1308162994220500D6A5EB /* XCRemoteSwiftPackageReference "Mocker" */ = {
			isa = XCRemoteSwiftPackageReference;
			repositoryURL = "https://github.com/WeTransfer/Mocker.git";
			requirement = {
				kind = upToNextMinorVersion;
				minimumVersion = 3.0.0;
			};
		};
		CA99F6742982F38F00E5D43C /* XCRemoteSwiftPackageReference "Kingfisher" */ = {
			isa = XCRemoteSwiftPackageReference;
			repositoryURL = "https://github.com/onevcat/Kingfisher";
			requirement = {
				kind = upToNextMajorVersion;
				minimumVersion = 7.0.0;
			};
		};
/* End XCRemoteSwiftPackageReference section */

/* Begin XCSwiftPackageProductDependency section */
		CA025ECD297C200F0004B340 /* Alamofire */ = {
			isa = XCSwiftPackageProductDependency;
			package = CA025ECC297C200F0004B340 /* XCRemoteSwiftPackageReference "Alamofire" */;
			productName = Alamofire;
		};
		CA1308172994220500D6A5EB /* Mocker */ = {
			isa = XCSwiftPackageProductDependency;
			package = CA1308162994220500D6A5EB /* XCRemoteSwiftPackageReference "Mocker" */;
			productName = Mocker;
		};
		CA99F6752982F38F00E5D43C /* Kingfisher */ = {
			isa = XCSwiftPackageProductDependency;
			package = CA99F6742982F38F00E5D43C /* XCRemoteSwiftPackageReference "Kingfisher" */;
			productName = Kingfisher;
		};
/* End XCSwiftPackageProductDependency section */

/* Begin XCVersionGroup section */
		CA78AA7C2990EAC300C5D8B6 /* MyFridgeRecipes.xcdatamodeld */ = {
			isa = XCVersionGroup;
			children = (
				CA78AA7D2990EAC300C5D8B6 /* MyFridgeRecipes.xcdatamodel */,
			);
			currentVersion = CA78AA7D2990EAC300C5D8B6 /* MyFridgeRecipes.xcdatamodel */;
			path = MyFridgeRecipes.xcdatamodeld;
			sourceTree = "<group>";
			versionGroupType = wrapper.xcdatamodel;
		};
/* End XCVersionGroup section */
	};
	rootObject = CA4C1A89297ADE3A009EDF38 /* Project object */;
}
